{
  "version": 4,
  "terraform_version": "1.6.3",
  "serial": 117,
  "lineage": "f04d1e38-a338-0288-ff4e-f3f7a7746a22",
  "outputs": {
    "eastvnet01": {
      "value": "/subscriptions/f5507fb3-e5ac-410d-bcc4-cfa83191e4da/resourceGroups/dev-BAU-RG-100/providers/Microsoft.Network/virtualNetworks/dev-BAU-east-vnet01",
      "type": "string"
    },
    "eastvnet01_subnets": {
      "value": [
        {
          "address_prefix": "172.16.1.0/24",
          "id": "/subscriptions/f5507fb3-e5ac-410d-bcc4-cfa83191e4da/resourceGroups/dev-BAU-RG-100/providers/Microsoft.Network/virtualNetworks/dev-BAU-east-vnet01/subnets/east-vnet01-private-sub01",
          "name": "east-vnet01-private-sub01",
          "security_group": "/subscriptions/f5507fb3-e5ac-410d-bcc4-cfa83191e4da/resourceGroups/dev-BAU-RG-100/providers/Microsoft.Network/networkSecurityGroups/east-nsg01"
        },
        {
          "address_prefix": "172.16.100.0/24",
          "id": "/subscriptions/f5507fb3-e5ac-410d-bcc4-cfa83191e4da/resourceGroups/dev-BAU-RG-100/providers/Microsoft.Network/virtualNetworks/dev-BAU-east-vnet01/subnets/AzureBastionSubnet",
          "name": "AzureBastionSubnet",
          "security_group": ""
        },
        {
          "address_prefix": "172.16.2.0/24",
          "id": "/subscriptions/f5507fb3-e5ac-410d-bcc4-cfa83191e4da/resourceGroups/dev-BAU-RG-100/providers/Microsoft.Network/virtualNetworks/dev-BAU-east-vnet01/subnets/east-vnet01-public-sub01",
          "name": "east-vnet01-public-sub01",
          "security_group": "/subscriptions/f5507fb3-e5ac-410d-bcc4-cfa83191e4da/resourceGroups/dev-BAU-RG-100/providers/Microsoft.Network/networkSecurityGroups/east-nsg01"
        },
        {
          "address_prefix": "172.16.200.0/24",
          "id": "/subscriptions/f5507fb3-e5ac-410d-bcc4-cfa83191e4da/resourceGroups/dev-BAU-RG-100/providers/Microsoft.Network/virtualNetworks/dev-BAU-east-vnet01/subnets/appgateway-sub01",
          "name": "appgateway-sub01",
          "security_group": ""
        }
      ],
      "type": [
        "set",
        [
          "object",
          {
            "address_prefix": "string",
            "id": "string",
            "name": "string",
            "security_group": "string"
          }
        ]
      ]
    },
    "rg01_id": {
      "value": "/subscriptions/f5507fb3-e5ac-410d-bcc4-cfa83191e4da/resourceGroups/dev-BAU-RG-100",
      "type": "string"
    },
    "rg01_name": {
      "value": "dev-BAU-RG-100",
      "type": "string"
    }
  },
  "resources": [
    {
      "mode": "managed",
      "type": "azurerm_bastion_host",
      "name": "bastion01",
      "provider": "provider[\"registry.terraform.io/hashicorp/azurerm\"]",
      "instances": [
        {
          "schema_version": 0,
          "attributes": {
            "copy_paste_enabled": true,
            "dns_name": "bst-1bb61b38-5ddb-42c8-83bf-18e940843f93.bastion.azure.com",
            "file_copy_enabled": false,
            "id": "/subscriptions/f5507fb3-e5ac-410d-bcc4-cfa83191e4da/resourceGroups/dev-BAU-RG-100/providers/Microsoft.Network/bastionHosts/eastvnet01-bastion01",
            "ip_configuration": [
              {
                "name": "configuration",
                "public_ip_address_id": "/subscriptions/f5507fb3-e5ac-410d-bcc4-cfa83191e4da/resourceGroups/dev-BAU-RG-100/providers/Microsoft.Network/publicIPAddresses/bastion001",
                "subnet_id": "/subscriptions/f5507fb3-e5ac-410d-bcc4-cfa83191e4da/resourceGroups/dev-BAU-RG-100/providers/Microsoft.Network/virtualNetworks/dev-BAU-east-vnet01/subnets/AzureBastionSubnet"
              }
            ],
            "ip_connect_enabled": false,
            "location": "eastus",
            "name": "eastvnet01-bastion01",
            "resource_group_name": "dev-BAU-RG-100",
            "scale_units": 2,
            "shareable_link_enabled": false,
            "sku": "Basic",
            "tags": {},
            "timeouts": null,
            "tunneling_enabled": false
          },
          "sensitive_attributes": [],
          "private": "eyJlMmJmYjczMC1lY2FhLTExZTYtOGY4OC0zNDM2M2JjN2M0YzAiOnsiY3JlYXRlIjoxODAwMDAwMDAwMDAwLCJkZWxldGUiOjE4MDAwMDAwMDAwMDAsInJlYWQiOjMwMDAwMDAwMDAwMCwidXBkYXRlIjoxODAwMDAwMDAwMDAwfX0=",
          "dependencies": [
            "azurerm_public_ip.bastion_pip",
            "azurerm_resource_group.rg01",
            "azurerm_subnet.bastion_subnet01",
            "azurerm_virtual_network.east_vnet01"
          ]
        }
      ]
    },
    {
      "mode": "managed",
      "type": "azurerm_linux_virtual_machine",
      "name": "web_vm01",
      "provider": "provider[\"registry.terraform.io/hashicorp/azurerm\"]",
      "instances": [
        {
          "schema_version": 0,
          "attributes": {
            "additional_capabilities": [],
            "admin_password": "Password@123",
            "admin_ssh_key": [],
            "admin_username": "azadmin",
            "allow_extension_operations": true,
            "availability_set_id": "",
            "boot_diagnostics": [],
            "bypass_platform_safety_checks_on_user_schedule_enabled": false,
            "capacity_reservation_group_id": "",
            "computer_name": "web-east-vm01",
            "custom_data": "IyEvYmluL2Jhc2gKc3VkbyBhcHQgdXBkYXRlCnN1ZG8gYXB0IGluc3RhbGwgbmdpbnggLXkKc3VkbyBhcHQgdHJlZSAteQpzdWRvIGFwdCBta2RpciB0ZXN0LWZvbGRlcg==",
            "dedicated_host_group_id": "",
            "dedicated_host_id": "",
            "disable_password_authentication": false,
            "edge_zone": "",
            "encryption_at_host_enabled": false,
            "eviction_policy": "",
            "extensions_time_budget": "PT1H30M",
            "gallery_application": [],
            "id": "/subscriptions/f5507fb3-e5ac-410d-bcc4-cfa83191e4da/resourceGroups/dev-BAU-RG-100/providers/Microsoft.Compute/virtualMachines/web-east-vm01",
            "identity": [],
            "license_type": "",
            "location": "eastus",
            "max_bid_price": -1,
            "name": "web-east-vm01",
            "network_interface_ids": [
              "/subscriptions/f5507fb3-e5ac-410d-bcc4-cfa83191e4da/resourceGroups/dev-BAU-RG-100/providers/Microsoft.Network/networkInterfaces/web-vm01-nic01"
            ],
            "os_disk": [
              {
                "caching": "ReadWrite",
                "diff_disk_settings": [],
                "disk_encryption_set_id": "",
                "disk_size_gb": 30,
                "name": "web-east-vm01_OsDisk_1_9a10e758ee8740b883acf4c69fbb63e0",
                "secure_vm_disk_encryption_set_id": "",
                "security_encryption_type": "",
                "storage_account_type": "Standard_LRS",
                "write_accelerator_enabled": false
              }
            ],
            "patch_assessment_mode": "ImageDefault",
            "patch_mode": "ImageDefault",
            "plan": [],
            "platform_fault_domain": -1,
            "priority": "Regular",
            "private_ip_address": "172.16.1.4",
            "private_ip_addresses": [
              "172.16.1.4"
            ],
            "provision_vm_agent": true,
            "proximity_placement_group_id": "",
            "public_ip_address": "",
            "public_ip_addresses": [],
            "reboot_setting": "",
            "resource_group_name": "dev-BAU-RG-100",
            "secret": [],
            "secure_boot_enabled": false,
            "size": "Standard_B1ls",
            "source_image_id": "",
            "source_image_reference": [
              {
                "offer": "0001-com-ubuntu-server-jammy",
                "publisher": "Canonical",
                "sku": "22_04-lts",
                "version": "latest"
              }
            ],
            "tags": {},
            "termination_notification": [],
            "timeouts": null,
            "user_data": "",
            "virtual_machine_id": "2bf1e845-a49c-48c8-a5b7-d71167c9e775",
            "virtual_machine_scale_set_id": "",
            "vtpm_enabled": false,
            "zone": "3"
          },
          "sensitive_attributes": [],
          "private": "eyJlMmJmYjczMC1lY2FhLTExZTYtOGY4OC0zNDM2M2JjN2M0YzAiOnsiY3JlYXRlIjoyNzAwMDAwMDAwMDAwLCJkZWxldGUiOjI3MDAwMDAwMDAwMDAsInJlYWQiOjMwMDAwMDAwMDAwMCwidXBkYXRlIjoyNzAwMDAwMDAwMDAwfX0=",
          "dependencies": [
            "azurerm_network_interface.web-vm01-nic01",
            "azurerm_resource_group.rg01",
            "azurerm_subnet.private-subnet01",
            "azurerm_virtual_network.east_vnet01"
          ]
        }
      ]
    },
    {
      "mode": "managed",
      "type": "azurerm_linux_virtual_machine",
      "name": "web_vm02",
      "provider": "provider[\"registry.terraform.io/hashicorp/azurerm\"]",
      "instances": [
        {
          "schema_version": 0,
          "attributes": {
            "additional_capabilities": [],
            "admin_password": "Password@123",
            "admin_ssh_key": [],
            "admin_username": "azadmin",
            "allow_extension_operations": true,
            "availability_set_id": "",
            "boot_diagnostics": [],
            "bypass_platform_safety_checks_on_user_schedule_enabled": false,
            "capacity_reservation_group_id": "",
            "computer_name": "web-vm02",
            "custom_data": "IyEvYmluL2Jhc2gKc3VkbyBhcHQgdXBkYXRlCnN1ZG8gYXB0IGluc3RhbGwgbmdpbnggLXkKc3VkbyBhcHQgdHJlZSAteQpzdWRvIGFwdCBta2RpciB0ZXN0LWZvbGRlcg==",
            "dedicated_host_group_id": "",
            "dedicated_host_id": "",
            "disable_password_authentication": false,
            "edge_zone": "",
            "encryption_at_host_enabled": false,
            "eviction_policy": "",
            "extensions_time_budget": "PT1H30M",
            "gallery_application": [],
            "id": "/subscriptions/f5507fb3-e5ac-410d-bcc4-cfa83191e4da/resourceGroups/dev-BAU-RG-100/providers/Microsoft.Compute/virtualMachines/web-vm02",
            "identity": [],
            "license_type": "",
            "location": "eastus",
            "max_bid_price": -1,
            "name": "web-vm02",
            "network_interface_ids": [
              "/subscriptions/f5507fb3-e5ac-410d-bcc4-cfa83191e4da/resourceGroups/dev-BAU-RG-100/providers/Microsoft.Network/networkInterfaces/web-vm02-nic01"
            ],
            "os_disk": [
              {
                "caching": "ReadWrite",
                "diff_disk_settings": [],
                "disk_encryption_set_id": "",
                "disk_size_gb": 30,
                "name": "web-vm02_OsDisk_1_1a120ba6fe824de4ae8316d90da1e07b",
                "secure_vm_disk_encryption_set_id": "",
                "security_encryption_type": "",
                "storage_account_type": "Standard_LRS",
                "write_accelerator_enabled": false
              }
            ],
            "patch_assessment_mode": "ImageDefault",
            "patch_mode": "ImageDefault",
            "plan": [],
            "platform_fault_domain": -1,
            "priority": "Regular",
            "private_ip_address": "172.16.1.6",
            "private_ip_addresses": [
              "172.16.1.6"
            ],
            "provision_vm_agent": true,
            "proximity_placement_group_id": "",
            "public_ip_address": "",
            "public_ip_addresses": [],
            "reboot_setting": "",
            "resource_group_name": "dev-BAU-RG-100",
            "secret": [],
            "secure_boot_enabled": false,
            "size": "Standard_B1ls",
            "source_image_id": "",
            "source_image_reference": [
              {
                "offer": "0001-com-ubuntu-server-jammy",
                "publisher": "Canonical",
                "sku": "22_04-lts",
                "version": "latest"
              }
            ],
            "tags": {},
            "termination_notification": [],
            "timeouts": null,
            "user_data": "",
            "virtual_machine_id": "0f69a2fd-40b4-48c3-b3cd-c9cfc5eda946",
            "virtual_machine_scale_set_id": "",
            "vtpm_enabled": false,
            "zone": "3"
          },
          "sensitive_attributes": [],
          "private": "eyJlMmJmYjczMC1lY2FhLTExZTYtOGY4OC0zNDM2M2JjN2M0YzAiOnsiY3JlYXRlIjoyNzAwMDAwMDAwMDAwLCJkZWxldGUiOjI3MDAwMDAwMDAwMDAsInJlYWQiOjMwMDAwMDAwMDAwMCwidXBkYXRlIjoyNzAwMDAwMDAwMDAwfX0=",
          "dependencies": [
            "azurerm_network_interface.web-vm02-nic01",
            "azurerm_resource_group.rg01",
            "azurerm_subnet.private-subnet01",
            "azurerm_virtual_network.east_vnet01"
          ]
        }
      ]
    },
    {
      "mode": "managed",
      "type": "azurerm_linux_virtual_machine",
      "name": "web_vm03",
      "provider": "provider[\"registry.terraform.io/hashicorp/azurerm\"]",
      "instances": [
        {
          "schema_version": 0,
          "attributes": {
            "additional_capabilities": [],
            "admin_password": "Password@123",
            "admin_ssh_key": [],
            "admin_username": "azadmin",
            "allow_extension_operations": true,
            "availability_set_id": "",
            "boot_diagnostics": [],
            "bypass_platform_safety_checks_on_user_schedule_enabled": false,
            "capacity_reservation_group_id": "",
            "computer_name": "Web-VM03",
            "custom_data": "IyEvYmluL2Jhc2gKc3VkbyBhcHQgdXBkYXRlCnN1ZG8gYXB0IGluc3RhbGwgbmdpbnggLXkKc3VkbyBhcHQgdHJlZSAteQpzdWRvIGFwdCBta2RpciB0ZXN0LWZvbGRlcg==",
            "dedicated_host_group_id": "",
            "dedicated_host_id": "",
            "disable_password_authentication": false,
            "edge_zone": "",
            "encryption_at_host_enabled": false,
            "eviction_policy": "",
            "extensions_time_budget": "PT1H30M",
            "gallery_application": [],
            "id": "/subscriptions/f5507fb3-e5ac-410d-bcc4-cfa83191e4da/resourceGroups/dev-BAU-RG-100/providers/Microsoft.Compute/virtualMachines/Web-VM03",
            "identity": [],
            "license_type": "",
            "location": "eastus",
            "max_bid_price": -1,
            "name": "Web-VM03",
            "network_interface_ids": [
              "/subscriptions/f5507fb3-e5ac-410d-bcc4-cfa83191e4da/resourceGroups/dev-BAU-RG-100/providers/Microsoft.Network/networkInterfaces/web-vm03-nic01"
            ],
            "os_disk": [
              {
                "caching": "ReadWrite",
                "diff_disk_settings": [],
                "disk_encryption_set_id": "",
                "disk_size_gb": 30,
                "name": "Web-VM03_OsDisk_1_c14505674d9a49b49658e19e299119d4",
                "secure_vm_disk_encryption_set_id": "",
                "security_encryption_type": "",
                "storage_account_type": "Standard_LRS",
                "write_accelerator_enabled": false
              }
            ],
            "patch_assessment_mode": "ImageDefault",
            "patch_mode": "ImageDefault",
            "plan": [],
            "platform_fault_domain": -1,
            "priority": "Regular",
            "private_ip_address": "172.16.1.5",
            "private_ip_addresses": [
              "172.16.1.5"
            ],
            "provision_vm_agent": true,
            "proximity_placement_group_id": "",
            "public_ip_address": "",
            "public_ip_addresses": [],
            "reboot_setting": "",
            "resource_group_name": "dev-BAU-RG-100",
            "secret": [],
            "secure_boot_enabled": false,
            "size": "Standard_B1ls",
            "source_image_id": "",
            "source_image_reference": [
              {
                "offer": "0001-com-ubuntu-server-jammy",
                "publisher": "Canonical",
                "sku": "22_04-lts",
                "version": "latest"
              }
            ],
            "tags": {},
            "termination_notification": [],
            "timeouts": null,
            "user_data": "",
            "virtual_machine_id": "df552021-cd23-457f-8e57-61285df1d475",
            "virtual_machine_scale_set_id": "",
            "vtpm_enabled": false,
            "zone": "2"
          },
          "sensitive_attributes": [],
          "private": "eyJlMmJmYjczMC1lY2FhLTExZTYtOGY4OC0zNDM2M2JjN2M0YzAiOnsiY3JlYXRlIjoyNzAwMDAwMDAwMDAwLCJkZWxldGUiOjI3MDAwMDAwMDAwMDAsInJlYWQiOjMwMDAwMDAwMDAwMCwidXBkYXRlIjoyNzAwMDAwMDAwMDAwfX0=",
          "dependencies": [
            "azurerm_network_interface.web-vm03-nic01",
            "azurerm_resource_group.rg01",
            "azurerm_subnet.private-subnet01",
            "azurerm_virtual_network.east_vnet01"
          ]
        }
      ]
    },
    {
      "mode": "managed",
      "type": "azurerm_network_interface",
      "name": "web-vm01-nic01",
      "provider": "provider[\"registry.terraform.io/hashicorp/azurerm\"]",
      "instances": [
        {
          "schema_version": 0,
          "attributes": {
            "applied_dns_servers": [],
            "auxiliary_mode": "",
            "auxiliary_sku": "",
            "dns_servers": [],
            "edge_zone": "",
            "enable_accelerated_networking": false,
            "enable_ip_forwarding": false,
            "id": "/subscriptions/f5507fb3-e5ac-410d-bcc4-cfa83191e4da/resourceGroups/dev-BAU-RG-100/providers/Microsoft.Network/networkInterfaces/web-vm01-nic01",
            "internal_dns_name_label": "",
            "internal_domain_name_suffix": "bprz5uqfwwjebnab2zhhkipw3g.bx.internal.cloudapp.net",
            "ip_configuration": [
              {
                "gateway_load_balancer_frontend_ip_configuration_id": "",
                "name": "internal",
                "primary": true,
                "private_ip_address": "172.16.1.4",
                "private_ip_address_allocation": "Dynamic",
                "private_ip_address_version": "IPv4",
                "public_ip_address_id": "",
                "subnet_id": "/subscriptions/f5507fb3-e5ac-410d-bcc4-cfa83191e4da/resourceGroups/dev-BAU-RG-100/providers/Microsoft.Network/virtualNetworks/dev-BAU-east-vnet01/subnets/east-vnet01-private-sub01"
              }
            ],
            "location": "eastus",
            "mac_address": "7C-1E-52-0D-52-6E",
            "name": "web-vm01-nic01",
            "private_ip_address": "172.16.1.4",
            "private_ip_addresses": [
              "172.16.1.4"
            ],
            "resource_group_name": "dev-BAU-RG-100",
            "tags": {},
            "timeouts": null,
            "virtual_machine_id": "/subscriptions/f5507fb3-e5ac-410d-bcc4-cfa83191e4da/resourceGroups/dev-BAU-RG-100/providers/Microsoft.Compute/virtualMachines/web-east-vm01"
          },
          "sensitive_attributes": [],
          "private": "eyJlMmJmYjczMC1lY2FhLTExZTYtOGY4OC0zNDM2M2JjN2M0YzAiOnsiY3JlYXRlIjoxODAwMDAwMDAwMDAwLCJkZWxldGUiOjE4MDAwMDAwMDAwMDAsInJlYWQiOjMwMDAwMDAwMDAwMCwidXBkYXRlIjoxODAwMDAwMDAwMDAwfX0=",
          "dependencies": [
            "azurerm_resource_group.rg01",
            "azurerm_subnet.private-subnet01",
            "azurerm_virtual_network.east_vnet01"
          ]
        }
      ]
    },
    {
      "mode": "managed",
      "type": "azurerm_network_interface",
      "name": "web-vm02-nic01",
      "provider": "provider[\"registry.terraform.io/hashicorp/azurerm\"]",
      "instances": [
        {
          "schema_version": 0,
          "attributes": {
            "applied_dns_servers": [],
            "auxiliary_mode": "",
            "auxiliary_sku": "",
            "dns_servers": [],
            "edge_zone": "",
            "enable_accelerated_networking": false,
            "enable_ip_forwarding": false,
            "id": "/subscriptions/f5507fb3-e5ac-410d-bcc4-cfa83191e4da/resourceGroups/dev-BAU-RG-100/providers/Microsoft.Network/networkInterfaces/web-vm02-nic01",
            "internal_dns_name_label": "",
            "internal_domain_name_suffix": "bprz5uqfwwjebnab2zhhkipw3g.bx.internal.cloudapp.net",
            "ip_configuration": [
              {
                "gateway_load_balancer_frontend_ip_configuration_id": "",
                "name": "internal",
                "primary": true,
                "private_ip_address": "172.16.1.6",
                "private_ip_address_allocation": "Dynamic",
                "private_ip_address_version": "IPv4",
                "public_ip_address_id": "",
                "subnet_id": "/subscriptions/f5507fb3-e5ac-410d-bcc4-cfa83191e4da/resourceGroups/dev-BAU-RG-100/providers/Microsoft.Network/virtualNetworks/dev-BAU-east-vnet01/subnets/east-vnet01-private-sub01"
              }
            ],
            "location": "eastus",
            "mac_address": "7C-1E-52-19-44-3D",
            "name": "web-vm02-nic01",
            "private_ip_address": "172.16.1.6",
            "private_ip_addresses": [
              "172.16.1.6"
            ],
            "resource_group_name": "dev-BAU-RG-100",
            "tags": {},
            "timeouts": null,
            "virtual_machine_id": "/subscriptions/f5507fb3-e5ac-410d-bcc4-cfa83191e4da/resourceGroups/dev-BAU-RG-100/providers/Microsoft.Compute/virtualMachines/web-vm02"
          },
          "sensitive_attributes": [],
          "private": "eyJlMmJmYjczMC1lY2FhLTExZTYtOGY4OC0zNDM2M2JjN2M0YzAiOnsiY3JlYXRlIjoxODAwMDAwMDAwMDAwLCJkZWxldGUiOjE4MDAwMDAwMDAwMDAsInJlYWQiOjMwMDAwMDAwMDAwMCwidXBkYXRlIjoxODAwMDAwMDAwMDAwfX0=",
          "dependencies": [
            "azurerm_resource_group.rg01",
            "azurerm_subnet.private-subnet01",
            "azurerm_virtual_network.east_vnet01"
          ]
        }
      ]
    },
    {
      "mode": "managed",
      "type": "azurerm_network_interface",
      "name": "web-vm03-nic01",
      "provider": "provider[\"registry.terraform.io/hashicorp/azurerm\"]",
      "instances": [
        {
          "schema_version": 0,
          "attributes": {
            "applied_dns_servers": [],
            "auxiliary_mode": "",
            "auxiliary_sku": "",
            "dns_servers": [],
            "edge_zone": "",
            "enable_accelerated_networking": false,
            "enable_ip_forwarding": false,
            "id": "/subscriptions/f5507fb3-e5ac-410d-bcc4-cfa83191e4da/resourceGroups/dev-BAU-RG-100/providers/Microsoft.Network/networkInterfaces/web-vm03-nic01",
            "internal_dns_name_label": "",
            "internal_domain_name_suffix": "bprz5uqfwwjebnab2zhhkipw3g.bx.internal.cloudapp.net",
            "ip_configuration": [
              {
                "gateway_load_balancer_frontend_ip_configuration_id": "",
                "name": "internal",
                "primary": true,
                "private_ip_address": "172.16.1.5",
                "private_ip_address_allocation": "Dynamic",
                "private_ip_address_version": "IPv4",
                "public_ip_address_id": "",
                "subnet_id": "/subscriptions/f5507fb3-e5ac-410d-bcc4-cfa83191e4da/resourceGroups/dev-BAU-RG-100/providers/Microsoft.Network/virtualNetworks/dev-BAU-east-vnet01/subnets/east-vnet01-private-sub01"
              }
            ],
            "location": "eastus",
            "mac_address": "60-45-BD-DC-40-99",
            "name": "web-vm03-nic01",
            "private_ip_address": "172.16.1.5",
            "private_ip_addresses": [
              "172.16.1.5"
            ],
            "resource_group_name": "dev-BAU-RG-100",
            "tags": {},
            "timeouts": null,
            "virtual_machine_id": "/subscriptions/f5507fb3-e5ac-410d-bcc4-cfa83191e4da/resourceGroups/dev-BAU-RG-100/providers/Microsoft.Compute/virtualMachines/Web-VM03"
          },
          "sensitive_attributes": [],
          "private": "eyJlMmJmYjczMC1lY2FhLTExZTYtOGY4OC0zNDM2M2JjN2M0YzAiOnsiY3JlYXRlIjoxODAwMDAwMDAwMDAwLCJkZWxldGUiOjE4MDAwMDAwMDAwMDAsInJlYWQiOjMwMDAwMDAwMDAwMCwidXBkYXRlIjoxODAwMDAwMDAwMDAwfX0=",
          "dependencies": [
            "azurerm_resource_group.rg01",
            "azurerm_subnet.private-subnet01",
            "azurerm_virtual_network.east_vnet01"
          ]
        }
      ]
    },
    {
      "mode": "managed",
      "type": "azurerm_network_security_group",
      "name": "east_nsg01",
      "provider": "provider[\"registry.terraform.io/hashicorp/azurerm\"]",
      "instances": [
        {
          "schema_version": 0,
          "attributes": {
            "id": "/subscriptions/f5507fb3-e5ac-410d-bcc4-cfa83191e4da/resourceGroups/dev-BAU-RG-100/providers/Microsoft.Network/networkSecurityGroups/east-nsg01",
            "location": "eastus",
            "name": "east-nsg01",
            "resource_group_name": "dev-BAU-RG-100",
            "security_rule": [
              {
                "access": "Allow",
                "description": "",
                "destination_address_prefix": "*",
                "destination_address_prefixes": [],
                "destination_application_security_group_ids": [],
                "destination_port_range": "*",
                "destination_port_ranges": [],
                "direction": "Inbound",
                "name": "Allow_All",
                "priority": 500,
                "protocol": "Tcp",
                "source_address_prefix": "*",
                "source_address_prefixes": [],
                "source_application_security_group_ids": [],
                "source_port_range": "*",
                "source_port_ranges": []
              }
            ],
            "tags": {},
            "timeouts": null
          },
          "sensitive_attributes": [],
          "private": "eyJlMmJmYjczMC1lY2FhLTExZTYtOGY4OC0zNDM2M2JjN2M0YzAiOnsiY3JlYXRlIjoxODAwMDAwMDAwMDAwLCJkZWxldGUiOjE4MDAwMDAwMDAwMDAsInJlYWQiOjMwMDAwMDAwMDAwMCwidXBkYXRlIjoxODAwMDAwMDAwMDAwfX0=",
          "dependencies": [
            "azurerm_resource_group.rg01"
          ]
        }
      ]
    },
    {
      "mode": "managed",
      "type": "azurerm_public_ip",
      "name": "bastion_pip",
      "provider": "provider[\"registry.terraform.io/hashicorp/azurerm\"]",
      "instances": [
        {
          "schema_version": 0,
          "attributes": {
            "allocation_method": "Static",
            "ddos_protection_mode": "VirtualNetworkInherited",
            "ddos_protection_plan_id": null,
            "domain_name_label": null,
            "edge_zone": "",
            "fqdn": null,
            "id": "/subscriptions/f5507fb3-e5ac-410d-bcc4-cfa83191e4da/resourceGroups/dev-BAU-RG-100/providers/Microsoft.Network/publicIPAddresses/bastion001",
            "idle_timeout_in_minutes": 4,
            "ip_address": "52.170.58.0",
            "ip_tags": {},
            "ip_version": "IPv4",
            "location": "eastus",
            "name": "bastion001",
            "public_ip_prefix_id": null,
            "resource_group_name": "dev-BAU-RG-100",
            "reverse_fqdn": null,
            "sku": "Standard",
            "sku_tier": "Regional",
            "tags": {},
            "timeouts": null,
            "zones": []
          },
          "sensitive_attributes": [],
          "private": "eyJlMmJmYjczMC1lY2FhLTExZTYtOGY4OC0zNDM2M2JjN2M0YzAiOnsiY3JlYXRlIjoxODAwMDAwMDAwMDAwLCJkZWxldGUiOjE4MDAwMDAwMDAwMDAsInJlYWQiOjMwMDAwMDAwMDAwMCwidXBkYXRlIjoxODAwMDAwMDAwMDAwfX0=",
          "dependencies": [
            "azurerm_resource_group.rg01"
          ]
        }
      ]
    },
    {
      "mode": "managed",
      "type": "azurerm_public_ip",
      "name": "standard_LB",
      "provider": "provider[\"registry.terraform.io/hashicorp/azurerm\"]",
      "instances": [
        {
          "schema_version": 0,
          "attributes": {
            "allocation_method": "Static",
            "ddos_protection_mode": "VirtualNetworkInherited",
            "ddos_protection_plan_id": null,
            "domain_name_label": null,
            "edge_zone": "",
            "fqdn": null,
            "id": "/subscriptions/f5507fb3-e5ac-410d-bcc4-cfa83191e4da/resourceGroups/dev-BAU-RG-100/providers/Microsoft.Network/publicIPAddresses/frontend-pip",
            "idle_timeout_in_minutes": 4,
            "ip_address": "52.170.57.231",
            "ip_tags": {},
            "ip_version": "IPv4",
            "location": "eastus",
            "name": "frontend-pip",
            "public_ip_prefix_id": null,
            "resource_group_name": "dev-BAU-RG-100",
            "reverse_fqdn": null,
            "sku": "Standard",
            "sku_tier": "Regional",
            "tags": {},
            "timeouts": null,
            "zones": []
          },
          "sensitive_attributes": [],
          "private": "eyJlMmJmYjczMC1lY2FhLTExZTYtOGY4OC0zNDM2M2JjN2M0YzAiOnsiY3JlYXRlIjoxODAwMDAwMDAwMDAwLCJkZWxldGUiOjE4MDAwMDAwMDAwMDAsInJlYWQiOjMwMDAwMDAwMDAwMCwidXBkYXRlIjoxODAwMDAwMDAwMDAwfX0=",
          "dependencies": [
            "azurerm_resource_group.rg01"
          ]
        }
      ]
    },
    {
      "mode": "managed",
      "type": "azurerm_resource_group",
      "name": "rg01",
      "provider": "provider[\"registry.terraform.io/hashicorp/azurerm\"]",
      "instances": [
        {
          "schema_version": 0,
          "attributes": {
            "id": "/subscriptions/f5507fb3-e5ac-410d-bcc4-cfa83191e4da/resourceGroups/dev-BAU-RG-100",
            "location": "eastus",
            "managed_by": "",
            "name": "dev-BAU-RG-100",
            "tags": {
              "Bussiness": "IT",
              "Department": "BAU",
              "Owner": "Praveen"
            },
            "timeouts": null
          },
          "sensitive_attributes": [],
          "private": "eyJlMmJmYjczMC1lY2FhLTExZTYtOGY4OC0zNDM2M2JjN2M0YzAiOnsiY3JlYXRlIjo1NDAwMDAwMDAwMDAwLCJkZWxldGUiOjU0MDAwMDAwMDAwMDAsInJlYWQiOjMwMDAwMDAwMDAwMCwidXBkYXRlIjo1NDAwMDAwMDAwMDAwfX0="
        }
      ]
    },
    {
      "mode": "managed",
      "type": "azurerm_resource_group",
      "name": "rg02",
      "provider": "provider[\"registry.terraform.io/hashicorp/azurerm\"]",
      "instances": [
        {
          "schema_version": 0,
          "attributes": {
            "id": "/subscriptions/f5507fb3-e5ac-410d-bcc4-cfa83191e4da/resourceGroups/dev-BAU-RG-200",
            "location": "eastus",
            "managed_by": "",
            "name": "dev-BAU-RG-200",
            "tags": {
              "Bussiness": "IT",
              "Department": "BAU",
              "Owner": "Praveen"
            },
            "timeouts": null
          },
          "sensitive_attributes": [],
          "private": "eyJlMmJmYjczMC1lY2FhLTExZTYtOGY4OC0zNDM2M2JjN2M0YzAiOnsiY3JlYXRlIjo1NDAwMDAwMDAwMDAwLCJkZWxldGUiOjU0MDAwMDAwMDAwMDAsInJlYWQiOjMwMDAwMDAwMDAwMCwidXBkYXRlIjo1NDAwMDAwMDAwMDAwfX0="
        }
      ]
    },
    {
      "mode": "managed",
      "type": "azurerm_subnet",
      "name": "appgateway_subnet01",
      "provider": "provider[\"registry.terraform.io/hashicorp/azurerm\"]",
      "instances": [
        {
          "schema_version": 0,
          "attributes": {
            "address_prefixes": [
              "172.16.200.0/24"
            ],
            "delegation": [],
            "enforce_private_link_endpoint_network_policies": false,
            "enforce_private_link_service_network_policies": false,
            "id": "/subscriptions/f5507fb3-e5ac-410d-bcc4-cfa83191e4da/resourceGroups/dev-BAU-RG-100/providers/Microsoft.Network/virtualNetworks/dev-BAU-east-vnet01/subnets/appgateway-sub01",
            "name": "appgateway-sub01",
            "private_endpoint_network_policies_enabled": true,
            "private_link_service_network_policies_enabled": true,
            "resource_group_name": "dev-BAU-RG-100",
            "service_endpoint_policy_ids": [],
            "service_endpoints": [],
            "timeouts": null,
            "virtual_network_name": "dev-BAU-east-vnet01"
          },
          "sensitive_attributes": [],
          "private": "eyJlMmJmYjczMC1lY2FhLTExZTYtOGY4OC0zNDM2M2JjN2M0YzAiOnsiY3JlYXRlIjoxODAwMDAwMDAwMDAwLCJkZWxldGUiOjE4MDAwMDAwMDAwMDAsInJlYWQiOjMwMDAwMDAwMDAwMCwidXBkYXRlIjoxODAwMDAwMDAwMDAwfX0=",
          "dependencies": [
            "azurerm_resource_group.rg01",
            "azurerm_virtual_network.east_vnet01"
          ]
        }
      ]
    },
    {
      "mode": "managed",
      "type": "azurerm_subnet",
      "name": "bastion_subnet01",
      "provider": "provider[\"registry.terraform.io/hashicorp/azurerm\"]",
      "instances": [
        {
          "schema_version": 0,
          "attributes": {
            "address_prefixes": [
              "172.16.100.0/24"
            ],
            "delegation": [],
            "enforce_private_link_endpoint_network_policies": false,
            "enforce_private_link_service_network_policies": false,
            "id": "/subscriptions/f5507fb3-e5ac-410d-bcc4-cfa83191e4da/resourceGroups/dev-BAU-RG-100/providers/Microsoft.Network/virtualNetworks/dev-BAU-east-vnet01/subnets/AzureBastionSubnet",
            "name": "AzureBastionSubnet",
            "private_endpoint_network_policies_enabled": true,
            "private_link_service_network_policies_enabled": true,
            "resource_group_name": "dev-BAU-RG-100",
            "service_endpoint_policy_ids": [],
            "service_endpoints": [],
            "timeouts": null,
            "virtual_network_name": "dev-BAU-east-vnet01"
          },
          "sensitive_attributes": [],
          "private": "eyJlMmJmYjczMC1lY2FhLTExZTYtOGY4OC0zNDM2M2JjN2M0YzAiOnsiY3JlYXRlIjoxODAwMDAwMDAwMDAwLCJkZWxldGUiOjE4MDAwMDAwMDAwMDAsInJlYWQiOjMwMDAwMDAwMDAwMCwidXBkYXRlIjoxODAwMDAwMDAwMDAwfX0=",
          "dependencies": [
            "azurerm_resource_group.rg01",
            "azurerm_virtual_network.east_vnet01"
          ]
        }
      ]
    },
    {
      "mode": "managed",
      "type": "azurerm_subnet",
      "name": "private-subnet01",
      "provider": "provider[\"registry.terraform.io/hashicorp/azurerm\"]",
      "instances": [
        {
          "schema_version": 0,
          "attributes": {
            "address_prefixes": [
              "172.16.1.0/24"
            ],
            "delegation": [],
            "enforce_private_link_endpoint_network_policies": false,
            "enforce_private_link_service_network_policies": false,
            "id": "/subscriptions/f5507fb3-e5ac-410d-bcc4-cfa83191e4da/resourceGroups/dev-BAU-RG-100/providers/Microsoft.Network/virtualNetworks/dev-BAU-east-vnet01/subnets/east-vnet01-private-sub01",
            "name": "east-vnet01-private-sub01",
            "private_endpoint_network_policies_enabled": true,
            "private_link_service_network_policies_enabled": true,
            "resource_group_name": "dev-BAU-RG-100",
            "service_endpoint_policy_ids": [],
            "service_endpoints": [],
            "timeouts": null,
            "virtual_network_name": "dev-BAU-east-vnet01"
          },
          "sensitive_attributes": [],
          "private": "eyJlMmJmYjczMC1lY2FhLTExZTYtOGY4OC0zNDM2M2JjN2M0YzAiOnsiY3JlYXRlIjoxODAwMDAwMDAwMDAwLCJkZWxldGUiOjE4MDAwMDAwMDAwMDAsInJlYWQiOjMwMDAwMDAwMDAwMCwidXBkYXRlIjoxODAwMDAwMDAwMDAwfX0=",
          "dependencies": [
            "azurerm_resource_group.rg01",
            "azurerm_virtual_network.east_vnet01"
          ]
        }
      ]
    },
    {
      "mode": "managed",
      "type": "azurerm_subnet",
      "name": "public-subnet01",
      "provider": "provider[\"registry.terraform.io/hashicorp/azurerm\"]",
      "instances": [
        {
          "schema_version": 0,
          "attributes": {
            "address_prefixes": [
              "172.16.2.0/24"
            ],
            "delegation": [],
            "enforce_private_link_endpoint_network_policies": false,
            "enforce_private_link_service_network_policies": false,
            "id": "/subscriptions/f5507fb3-e5ac-410d-bcc4-cfa83191e4da/resourceGroups/dev-BAU-RG-100/providers/Microsoft.Network/virtualNetworks/dev-BAU-east-vnet01/subnets/east-vnet01-public-sub01",
            "name": "east-vnet01-public-sub01",
            "private_endpoint_network_policies_enabled": true,
            "private_link_service_network_policies_enabled": true,
            "resource_group_name": "dev-BAU-RG-100",
            "service_endpoint_policy_ids": [],
            "service_endpoints": [],
            "timeouts": null,
            "virtual_network_name": "dev-BAU-east-vnet01"
          },
          "sensitive_attributes": [],
          "private": "eyJlMmJmYjczMC1lY2FhLTExZTYtOGY4OC0zNDM2M2JjN2M0YzAiOnsiY3JlYXRlIjoxODAwMDAwMDAwMDAwLCJkZWxldGUiOjE4MDAwMDAwMDAwMDAsInJlYWQiOjMwMDAwMDAwMDAwMCwidXBkYXRlIjoxODAwMDAwMDAwMDAwfX0=",
          "dependencies": [
            "azurerm_resource_group.rg01",
            "azurerm_virtual_network.east_vnet01"
          ]
        }
      ]
    },
    {
      "mode": "managed",
      "type": "azurerm_subnet",
      "name": "vnet01private-subnet01",
      "provider": "provider[\"registry.terraform.io/hashicorp/azurerm\"]",
      "instances": [
        {
          "schema_version": 0,
          "attributes": {
            "address_prefixes": [
              "192.168.1.0/24"
            ],
            "delegation": [],
            "enforce_private_link_endpoint_network_policies": false,
            "enforce_private_link_service_network_policies": false,
            "id": "/subscriptions/f5507fb3-e5ac-410d-bcc4-cfa83191e4da/resourceGroups/dev-BAU-RG-100/providers/Microsoft.Network/virtualNetworks/dev-BAU-east02/subnets/east-vnet01-private-sub01",
            "name": "east-vnet01-private-sub01",
            "private_endpoint_network_policies_enabled": true,
            "private_link_service_network_policies_enabled": true,
            "resource_group_name": "dev-BAU-RG-100",
            "service_endpoint_policy_ids": [],
            "service_endpoints": [],
            "timeouts": null,
            "virtual_network_name": "dev-BAU-east02"
          },
          "sensitive_attributes": [],
          "private": "eyJlMmJmYjczMC1lY2FhLTExZTYtOGY4OC0zNDM2M2JjN2M0YzAiOnsiY3JlYXRlIjoxODAwMDAwMDAwMDAwLCJkZWxldGUiOjE4MDAwMDAwMDAwMDAsInJlYWQiOjMwMDAwMDAwMDAwMCwidXBkYXRlIjoxODAwMDAwMDAwMDAwfX0=",
          "dependencies": [
            "azurerm_resource_group.rg01",
            "azurerm_virtual_network.east_vnet02"
          ]
        }
      ]
    },
    {
      "mode": "managed",
      "type": "azurerm_subnet",
      "name": "vnet02public-subnet01",
      "provider": "provider[\"registry.terraform.io/hashicorp/azurerm\"]",
      "instances": [
        {
          "schema_version": 0,
          "attributes": {
            "address_prefixes": [
              "192.168.2.0/24"
            ],
            "delegation": [],
            "enforce_private_link_endpoint_network_policies": false,
            "enforce_private_link_service_network_policies": false,
            "id": "/subscriptions/f5507fb3-e5ac-410d-bcc4-cfa83191e4da/resourceGroups/dev-BAU-RG-100/providers/Microsoft.Network/virtualNetworks/dev-BAU-east02/subnets/east-vnet01-public-sub01",
            "name": "east-vnet01-public-sub01",
            "private_endpoint_network_policies_enabled": true,
            "private_link_service_network_policies_enabled": true,
            "resource_group_name": "dev-BAU-RG-100",
            "service_endpoint_policy_ids": [],
            "service_endpoints": [],
            "timeouts": null,
            "virtual_network_name": "dev-BAU-east02"
          },
          "sensitive_attributes": [],
          "private": "eyJlMmJmYjczMC1lY2FhLTExZTYtOGY4OC0zNDM2M2JjN2M0YzAiOnsiY3JlYXRlIjoxODAwMDAwMDAwMDAwLCJkZWxldGUiOjE4MDAwMDAwMDAwMDAsInJlYWQiOjMwMDAwMDAwMDAwMCwidXBkYXRlIjoxODAwMDAwMDAwMDAwfX0=",
          "dependencies": [
            "azurerm_resource_group.rg01",
            "azurerm_virtual_network.east_vnet02"
          ]
        }
      ]
    },
    {
      "mode": "managed",
      "type": "azurerm_subnet_network_security_group_association",
      "name": "east_vnet01_privatesub01_association",
      "provider": "provider[\"registry.terraform.io/hashicorp/azurerm\"]",
      "instances": [
        {
          "schema_version": 0,
          "attributes": {
            "id": "/subscriptions/f5507fb3-e5ac-410d-bcc4-cfa83191e4da/resourceGroups/dev-BAU-RG-100/providers/Microsoft.Network/virtualNetworks/dev-BAU-east-vnet01/subnets/east-vnet01-private-sub01",
            "network_security_group_id": "/subscriptions/f5507fb3-e5ac-410d-bcc4-cfa83191e4da/resourceGroups/dev-BAU-RG-100/providers/Microsoft.Network/networkSecurityGroups/east-nsg01",
            "subnet_id": "/subscriptions/f5507fb3-e5ac-410d-bcc4-cfa83191e4da/resourceGroups/dev-BAU-RG-100/providers/Microsoft.Network/virtualNetworks/dev-BAU-east-vnet01/subnets/east-vnet01-private-sub01",
            "timeouts": null
          },
          "sensitive_attributes": [],
          "private": "eyJlMmJmYjczMC1lY2FhLTExZTYtOGY4OC0zNDM2M2JjN2M0YzAiOnsiY3JlYXRlIjoxODAwMDAwMDAwMDAwLCJkZWxldGUiOjE4MDAwMDAwMDAwMDAsInJlYWQiOjMwMDAwMDAwMDAwMH19",
          "dependencies": [
            "azurerm_network_security_group.east_nsg01",
            "azurerm_resource_group.rg01",
            "azurerm_subnet.private-subnet01",
            "azurerm_virtual_network.east_vnet01"
          ]
        }
      ]
    },
    {
      "mode": "managed",
      "type": "azurerm_subnet_network_security_group_association",
      "name": "east_vnet01_publicesub01_association",
      "provider": "provider[\"registry.terraform.io/hashicorp/azurerm\"]",
      "instances": [
        {
          "schema_version": 0,
          "attributes": {
            "id": "/subscriptions/f5507fb3-e5ac-410d-bcc4-cfa83191e4da/resourceGroups/dev-BAU-RG-100/providers/Microsoft.Network/virtualNetworks/dev-BAU-east-vnet01/subnets/east-vnet01-public-sub01",
            "network_security_group_id": "/subscriptions/f5507fb3-e5ac-410d-bcc4-cfa83191e4da/resourceGroups/dev-BAU-RG-100/providers/Microsoft.Network/networkSecurityGroups/east-nsg01",
            "subnet_id": "/subscriptions/f5507fb3-e5ac-410d-bcc4-cfa83191e4da/resourceGroups/dev-BAU-RG-100/providers/Microsoft.Network/virtualNetworks/dev-BAU-east-vnet01/subnets/east-vnet01-public-sub01",
            "timeouts": null
          },
          "sensitive_attributes": [],
          "private": "eyJlMmJmYjczMC1lY2FhLTExZTYtOGY4OC0zNDM2M2JjN2M0YzAiOnsiY3JlYXRlIjoxODAwMDAwMDAwMDAwLCJkZWxldGUiOjE4MDAwMDAwMDAwMDAsInJlYWQiOjMwMDAwMDAwMDAwMH19",
          "dependencies": [
            "azurerm_network_security_group.east_nsg01",
            "azurerm_resource_group.rg01",
            "azurerm_subnet.public-subnet01",
            "azurerm_virtual_network.east_vnet01"
          ]
        }
      ]
    },
    {
      "mode": "managed",
      "type": "azurerm_virtual_network",
      "name": "east_vnet01",
      "provider": "provider[\"registry.terraform.io/hashicorp/azurerm\"]",
      "instances": [
        {
          "schema_version": 0,
          "attributes": {
            "address_space": [
              "172.16.0.0/16",
              "192.168.0.0/16"
            ],
            "bgp_community": "",
            "ddos_protection_plan": [],
            "dns_servers": [],
            "edge_zone": "",
            "encryption": [],
            "flow_timeout_in_minutes": 0,
            "guid": "d29fe30b-b505-4092-b401-e64e7521f6ee",
            "id": "/subscriptions/f5507fb3-e5ac-410d-bcc4-cfa83191e4da/resourceGroups/dev-BAU-RG-100/providers/Microsoft.Network/virtualNetworks/dev-BAU-east-vnet01",
            "location": "eastus",
            "name": "dev-BAU-east-vnet01",
            "resource_group_name": "dev-BAU-RG-100",
            "subnet": [
              {
                "address_prefix": "172.16.1.0/24",
                "id": "/subscriptions/f5507fb3-e5ac-410d-bcc4-cfa83191e4da/resourceGroups/dev-BAU-RG-100/providers/Microsoft.Network/virtualNetworks/dev-BAU-east-vnet01/subnets/east-vnet01-private-sub01",
                "name": "east-vnet01-private-sub01",
                "security_group": "/subscriptions/f5507fb3-e5ac-410d-bcc4-cfa83191e4da/resourceGroups/dev-BAU-RG-100/providers/Microsoft.Network/networkSecurityGroups/east-nsg01"
              },
              {
                "address_prefix": "172.16.100.0/24",
                "id": "/subscriptions/f5507fb3-e5ac-410d-bcc4-cfa83191e4da/resourceGroups/dev-BAU-RG-100/providers/Microsoft.Network/virtualNetworks/dev-BAU-east-vnet01/subnets/AzureBastionSubnet",
                "name": "AzureBastionSubnet",
                "security_group": ""
              },
              {
                "address_prefix": "172.16.2.0/24",
                "id": "/subscriptions/f5507fb3-e5ac-410d-bcc4-cfa83191e4da/resourceGroups/dev-BAU-RG-100/providers/Microsoft.Network/virtualNetworks/dev-BAU-east-vnet01/subnets/east-vnet01-public-sub01",
                "name": "east-vnet01-public-sub01",
                "security_group": "/subscriptions/f5507fb3-e5ac-410d-bcc4-cfa83191e4da/resourceGroups/dev-BAU-RG-100/providers/Microsoft.Network/networkSecurityGroups/east-nsg01"
              },
              {
                "address_prefix": "172.16.200.0/24",
                "id": "/subscriptions/f5507fb3-e5ac-410d-bcc4-cfa83191e4da/resourceGroups/dev-BAU-RG-100/providers/Microsoft.Network/virtualNetworks/dev-BAU-east-vnet01/subnets/appgateway-sub01",
                "name": "appgateway-sub01",
                "security_group": ""
              }
            ],
            "tags": {},
            "timeouts": null
          },
          "sensitive_attributes": [],
          "private": "eyJlMmJmYjczMC1lY2FhLTExZTYtOGY4OC0zNDM2M2JjN2M0YzAiOnsiY3JlYXRlIjoxODAwMDAwMDAwMDAwLCJkZWxldGUiOjE4MDAwMDAwMDAwMDAsInJlYWQiOjMwMDAwMDAwMDAwMCwidXBkYXRlIjoxODAwMDAwMDAwMDAwfX0=",
          "dependencies": [
            "azurerm_resource_group.rg01"
          ]
        }
      ]
    },
    {
      "mode": "managed",
      "type": "azurerm_virtual_network",
      "name": "east_vnet02",
      "provider": "provider[\"registry.terraform.io/hashicorp/azurerm\"]",
      "instances": [
        {
          "schema_version": 0,
          "attributes": {
            "address_space": [
              "192.168.0.0/16"
            ],
            "bgp_community": "",
            "ddos_protection_plan": [],
            "dns_servers": [],
            "edge_zone": "",
            "encryption": [],
            "flow_timeout_in_minutes": 0,
            "guid": "a6319e55-57e5-452a-8159-a02c9a9135d3",
            "id": "/subscriptions/f5507fb3-e5ac-410d-bcc4-cfa83191e4da/resourceGroups/dev-BAU-RG-100/providers/Microsoft.Network/virtualNetworks/dev-BAU-east02",
            "location": "eastus",
            "name": "dev-BAU-east02",
            "resource_group_name": "dev-BAU-RG-100",
            "subnet": [
              {
                "address_prefix": "192.168.1.0/24",
                "id": "/subscriptions/f5507fb3-e5ac-410d-bcc4-cfa83191e4da/resourceGroups/dev-BAU-RG-100/providers/Microsoft.Network/virtualNetworks/dev-BAU-east02/subnets/east-vnet01-private-sub01",
                "name": "east-vnet01-private-sub01",
                "security_group": ""
              },
              {
                "address_prefix": "192.168.2.0/24",
                "id": "/subscriptions/f5507fb3-e5ac-410d-bcc4-cfa83191e4da/resourceGroups/dev-BAU-RG-100/providers/Microsoft.Network/virtualNetworks/dev-BAU-east02/subnets/east-vnet01-public-sub01",
                "name": "east-vnet01-public-sub01",
                "security_group": ""
              }
            ],
            "tags": {},
            "timeouts": null
          },
          "sensitive_attributes": [],
          "private": "eyJlMmJmYjczMC1lY2FhLTExZTYtOGY4OC0zNDM2M2JjN2M0YzAiOnsiY3JlYXRlIjoxODAwMDAwMDAwMDAwLCJkZWxldGUiOjE4MDAwMDAwMDAwMDAsInJlYWQiOjMwMDAwMDAwMDAwMCwidXBkYXRlIjoxODAwMDAwMDAwMDAwfX0=",
          "dependencies": [
            "azurerm_resource_group.rg01"
          ]
        }
      ]
    }
  ],
  "check_results": null
}
