{
  "version": 4,
  "terraform_version": "1.6.3",
  "serial": 84,
  "lineage": "f04d1e38-a338-0288-ff4e-f3f7a7746a22",
  "outputs": {
    "eastvnet01": {
      "value": "/subscriptions/f5507fb3-e5ac-410d-bcc4-cfa83191e4da/resourceGroups/dev-BAU-RG-100/providers/Microsoft.Network/virtualNetworks/dev-BAU-east-vnet01",
      "type": "string"
    },
    "eastvnet01_subnets": {
      "value": [
        {
          "address_prefix": "172.16.1.0/24",
          "id": "/subscriptions/f5507fb3-e5ac-410d-bcc4-cfa83191e4da/resourceGroups/dev-BAU-RG-100/providers/Microsoft.Network/virtualNetworks/dev-BAU-east-vnet01/subnets/east-vnet01-private-sub01",
          "name": "east-vnet01-private-sub01",
          "security_group": "/subscriptions/f5507fb3-e5ac-410d-bcc4-cfa83191e4da/resourceGroups/dev-BAU-RG-100/providers/Microsoft.Network/networkSecurityGroups/east-nsg01"
        },
        {
          "address_prefix": "172.16.100.0/24",
          "id": "/subscriptions/f5507fb3-e5ac-410d-bcc4-cfa83191e4da/resourceGroups/dev-BAU-RG-100/providers/Microsoft.Network/virtualNetworks/dev-BAU-east-vnet01/subnets/AzureBastionSubnet",
          "name": "AzureBastionSubnet",
          "security_group": ""
        },
        {
          "address_prefix": "172.16.2.0/24",
          "id": "/subscriptions/f5507fb3-e5ac-410d-bcc4-cfa83191e4da/resourceGroups/dev-BAU-RG-100/providers/Microsoft.Network/virtualNetworks/dev-BAU-east-vnet01/subnets/east-vnet01-public-sub01",
          "name": "east-vnet01-public-sub01",
          "security_group": "/subscriptions/f5507fb3-e5ac-410d-bcc4-cfa83191e4da/resourceGroups/dev-BAU-RG-100/providers/Microsoft.Network/networkSecurityGroups/east-nsg01"
        }
      ],
      "type": [
        "set",
        [
          "object",
          {
            "address_prefix": "string",
            "id": "string",
            "name": "string",
            "security_group": "string"
          }
        ]
      ]
    },
    "rg01_id": {
      "value": "/subscriptions/f5507fb3-e5ac-410d-bcc4-cfa83191e4da/resourceGroups/dev-BAU-RG-100",
      "type": "string"
    },
    "rg01_name": {
      "value": "dev-BAU-RG-100",
      "type": "string"
    }
  },
  "resources": [
    {
      "mode": "managed",
      "type": "azurerm_bastion_host",
      "name": "bastion01",
      "provider": "provider[\"registry.terraform.io/hashicorp/azurerm\"]",
      "instances": [
        {
          "schema_version": 0,
          "attributes": {
            "copy_paste_enabled": true,
            "dns_name": "bst-940df845-3b24-44c7-9c75-4b31be7cf0e1.bastion.azure.com",
            "file_copy_enabled": false,
            "id": "/subscriptions/f5507fb3-e5ac-410d-bcc4-cfa83191e4da/resourceGroups/dev-BAU-RG-100/providers/Microsoft.Network/bastionHosts/eastvnet01-bastion01",
            "ip_configuration": [
              {
                "name": "configuration",
                "public_ip_address_id": "/subscriptions/f5507fb3-e5ac-410d-bcc4-cfa83191e4da/resourceGroups/dev-BAU-RG-100/providers/Microsoft.Network/publicIPAddresses/bastion001",
                "subnet_id": "/subscriptions/f5507fb3-e5ac-410d-bcc4-cfa83191e4da/resourceGroups/dev-BAU-RG-100/providers/Microsoft.Network/virtualNetworks/dev-BAU-east-vnet01/subnets/AzureBastionSubnet"
              }
            ],
            "ip_connect_enabled": false,
            "location": "eastus",
            "name": "eastvnet01-bastion01",
            "resource_group_name": "dev-BAU-RG-100",
            "scale_units": 2,
            "shareable_link_enabled": false,
            "sku": "Basic",
            "tags": {},
            "timeouts": null,
            "tunneling_enabled": false
          },
          "sensitive_attributes": [],
          "private": "eyJlMmJmYjczMC1lY2FhLTExZTYtOGY4OC0zNDM2M2JjN2M0YzAiOnsiY3JlYXRlIjoxODAwMDAwMDAwMDAwLCJkZWxldGUiOjE4MDAwMDAwMDAwMDAsInJlYWQiOjMwMDAwMDAwMDAwMCwidXBkYXRlIjoxODAwMDAwMDAwMDAwfX0=",
          "dependencies": [
            "azurerm_public_ip.bastion_pip",
            "azurerm_resource_group.rg01",
            "azurerm_subnet.bastion_subnet01",
            "azurerm_virtual_network.east_vnet01"
          ]
        }
      ]
    },
    {
      "mode": "managed",
      "type": "azurerm_lb",
      "name": "east_standardLB",
      "provider": "provider[\"registry.terraform.io/hashicorp/azurerm\"]",
      "instances": [
        {
          "schema_version": 0,
          "attributes": {
            "edge_zone": "",
            "frontend_ip_configuration": [
              {
                "gateway_load_balancer_frontend_ip_configuration_id": "",
                "id": "/subscriptions/f5507fb3-e5ac-410d-bcc4-cfa83191e4da/resourceGroups/dev-BAU-RG-100/providers/Microsoft.Network/loadBalancers/east-l4-lb/frontendIPConfigurations/primary",
                "inbound_nat_rules": [],
                "load_balancer_rules": [
                  "/subscriptions/f5507fb3-e5ac-410d-bcc4-cfa83191e4da/resourceGroups/dev-BAU-RG-100/providers/Microsoft.Network/loadBalancers/east-l4-lb/loadBalancingRules/LBRule01"
                ],
                "name": "primary",
                "outbound_rules": [],
                "private_ip_address": "",
                "private_ip_address_allocation": "Dynamic",
                "private_ip_address_version": "",
                "public_ip_address_id": "/subscriptions/f5507fb3-e5ac-410d-bcc4-cfa83191e4da/resourceGroups/dev-BAU-RG-100/providers/Microsoft.Network/publicIPAddresses/frontend-pip",
                "public_ip_prefix_id": "",
                "subnet_id": "",
                "zones": []
              }
            ],
            "id": "/subscriptions/f5507fb3-e5ac-410d-bcc4-cfa83191e4da/resourceGroups/dev-BAU-RG-100/providers/Microsoft.Network/loadBalancers/east-l4-lb",
            "location": "eastus",
            "name": "east-l4-lb",
            "private_ip_address": "",
            "private_ip_addresses": [],
            "resource_group_name": "dev-BAU-RG-100",
            "sku": "Standard",
            "sku_tier": "Regional",
            "tags": {},
            "timeouts": null
          },
          "sensitive_attributes": [],
          "private": "eyJlMmJmYjczMC1lY2FhLTExZTYtOGY4OC0zNDM2M2JjN2M0YzAiOnsiY3JlYXRlIjoxODAwMDAwMDAwMDAwLCJkZWxldGUiOjE4MDAwMDAwMDAwMDAsInJlYWQiOjMwMDAwMDAwMDAwMCwidXBkYXRlIjoxODAwMDAwMDAwMDAwfX0=",
          "dependencies": [
            "azurerm_public_ip.standard_LB",
            "azurerm_resource_group.rg01"
          ]
        }
      ]
    },
    {
      "mode": "managed",
      "type": "azurerm_lb_backend_address_pool",
      "name": "east_standardLB_pool",
      "provider": "provider[\"registry.terraform.io/hashicorp/azurerm\"]",
      "instances": [
        {
          "schema_version": 0,
          "attributes": {
            "backend_ip_configurations": [],
            "id": "/subscriptions/f5507fb3-e5ac-410d-bcc4-cfa83191e4da/resourceGroups/dev-BAU-RG-100/providers/Microsoft.Network/loadBalancers/east-l4-lb/backendAddressPools/pool001",
            "inbound_nat_rules": [],
            "load_balancing_rules": [
              "/subscriptions/f5507fb3-e5ac-410d-bcc4-cfa83191e4da/resourceGroups/dev-BAU-RG-100/providers/Microsoft.Network/loadBalancers/east-l4-lb/loadBalancingRules/LBRule01"
            ],
            "loadbalancer_id": "/subscriptions/f5507fb3-e5ac-410d-bcc4-cfa83191e4da/resourceGroups/dev-BAU-RG-100/providers/Microsoft.Network/loadBalancers/east-l4-lb",
            "name": "pool001",
            "outbound_rules": [],
            "timeouts": null,
            "tunnel_interface": [],
            "virtual_network_id": ""
          },
          "sensitive_attributes": [],
          "private": "eyJlMmJmYjczMC1lY2FhLTExZTYtOGY4OC0zNDM2M2JjN2M0YzAiOnsiY3JlYXRlIjoxODAwMDAwMDAwMDAwLCJkZWxldGUiOjE4MDAwMDAwMDAwMDAsInJlYWQiOjMwMDAwMDAwMDAwMCwidXBkYXRlIjoxODAwMDAwMDAwMDAwfX0=",
          "dependencies": [
            "azurerm_lb.east_standardLB",
            "azurerm_public_ip.standard_LB",
            "azurerm_resource_group.rg01"
          ]
        }
      ]
    },
    {
      "mode": "managed",
      "type": "azurerm_lb_probe",
      "name": "east_lb_prob01",
      "provider": "provider[\"registry.terraform.io/hashicorp/azurerm\"]",
      "instances": [
        {
          "schema_version": 0,
          "attributes": {
            "id": "/subscriptions/f5507fb3-e5ac-410d-bcc4-cfa83191e4da/resourceGroups/dev-BAU-RG-100/providers/Microsoft.Network/loadBalancers/east-l4-lb/probes/http_80",
            "interval_in_seconds": 15,
            "load_balancer_rules": [
              "/subscriptions/f5507fb3-e5ac-410d-bcc4-cfa83191e4da/resourceGroups/dev-BAU-RG-100/providers/Microsoft.Network/loadBalancers/east-l4-lb/loadBalancingRules/LBRule01"
            ],
            "loadbalancer_id": "/subscriptions/f5507fb3-e5ac-410d-bcc4-cfa83191e4da/resourceGroups/dev-BAU-RG-100/providers/Microsoft.Network/loadBalancers/east-l4-lb",
            "name": "http_80",
            "number_of_probes": 2,
            "port": 80,
            "probe_threshold": 1,
            "protocol": "Tcp",
            "request_path": "",
            "timeouts": null
          },
          "sensitive_attributes": [],
          "private": "eyJlMmJmYjczMC1lY2FhLTExZTYtOGY4OC0zNDM2M2JjN2M0YzAiOnsiY3JlYXRlIjoxODAwMDAwMDAwMDAwLCJkZWxldGUiOjE4MDAwMDAwMDAwMDAsInJlYWQiOjMwMDAwMDAwMDAwMCwidXBkYXRlIjoxODAwMDAwMDAwMDAwfX0=",
          "dependencies": [
            "azurerm_lb.east_standardLB",
            "azurerm_public_ip.standard_LB",
            "azurerm_resource_group.rg01"
          ]
        }
      ]
    },
    {
      "mode": "managed",
      "type": "azurerm_lb_rule",
      "name": "east_lb_rule01",
      "provider": "provider[\"registry.terraform.io/hashicorp/azurerm\"]",
      "instances": [
        {
          "schema_version": 0,
          "attributes": {
            "backend_address_pool_ids": [
              "/subscriptions/f5507fb3-e5ac-410d-bcc4-cfa83191e4da/resourceGroups/dev-BAU-RG-100/providers/Microsoft.Network/loadBalancers/east-l4-lb/backendAddressPools/pool001"
            ],
            "backend_port": 80,
            "disable_outbound_snat": false,
            "enable_floating_ip": false,
            "enable_tcp_reset": false,
            "frontend_ip_configuration_id": "/subscriptions/f5507fb3-e5ac-410d-bcc4-cfa83191e4da/resourceGroups/dev-BAU-RG-100/providers/Microsoft.Network/loadBalancers/east-l4-lb/frontendIPConfigurations/primary",
            "frontend_ip_configuration_name": "primary",
            "frontend_port": 80,
            "id": "/subscriptions/f5507fb3-e5ac-410d-bcc4-cfa83191e4da/resourceGroups/dev-BAU-RG-100/providers/Microsoft.Network/loadBalancers/east-l4-lb/loadBalancingRules/LBRule01",
            "idle_timeout_in_minutes": 4,
            "load_distribution": "Default",
            "loadbalancer_id": "/subscriptions/f5507fb3-e5ac-410d-bcc4-cfa83191e4da/resourceGroups/dev-BAU-RG-100/providers/Microsoft.Network/loadBalancers/east-l4-lb",
            "name": "LBRule01",
            "probe_id": "/subscriptions/f5507fb3-e5ac-410d-bcc4-cfa83191e4da/resourceGroups/dev-BAU-RG-100/providers/Microsoft.Network/loadBalancers/east-l4-lb/probes/http_80",
            "protocol": "Tcp",
            "timeouts": null
          },
          "sensitive_attributes": [],
          "private": "eyJlMmJmYjczMC1lY2FhLTExZTYtOGY4OC0zNDM2M2JjN2M0YzAiOnsiY3JlYXRlIjoxODAwMDAwMDAwMDAwLCJkZWxldGUiOjE4MDAwMDAwMDAwMDAsInJlYWQiOjMwMDAwMDAwMDAwMCwidXBkYXRlIjoxODAwMDAwMDAwMDAwfX0=",
          "dependencies": [
            "azurerm_lb.east_standardLB",
            "azurerm_lb_backend_address_pool.east_standardLB_pool",
            "azurerm_lb_probe.east_lb_prob01",
            "azurerm_public_ip.standard_LB",
            "azurerm_resource_group.rg01"
          ]
        }
      ]
    },
    {
      "mode": "managed",
      "type": "azurerm_linux_virtual_machine",
      "name": "web_vm01",
      "provider": "provider[\"registry.terraform.io/hashicorp/azurerm\"]",
      "instances": [
        {
          "schema_version": 0,
          "attributes": {
            "additional_capabilities": [],
            "admin_password": "Password@123",
            "admin_ssh_key": [],
            "admin_username": "azadmin",
            "allow_extension_operations": true,
            "availability_set_id": "",
            "boot_diagnostics": [],
            "bypass_platform_safety_checks_on_user_schedule_enabled": false,
            "capacity_reservation_group_id": "",
            "computer_name": "web-east-vm01",
            "custom_data": "IyEvYmluL2Jhc2gKc3VkbyBhcHQgdXBkYXRlCnN1ZG8gYXB0IGluc3RhbGwgbmdpbnggLXkKc3VkbyBhcHQgdHJlZSAteQpzdWRvIGFwdCBta2RpciB0ZXN0LWZvbGRlcg==",
            "dedicated_host_group_id": "",
            "dedicated_host_id": "",
            "disable_password_authentication": false,
            "edge_zone": "",
            "encryption_at_host_enabled": false,
            "eviction_policy": "",
            "extensions_time_budget": "PT1H30M",
            "gallery_application": [],
            "id": "/subscriptions/f5507fb3-e5ac-410d-bcc4-cfa83191e4da/resourceGroups/dev-BAU-RG-100/providers/Microsoft.Compute/virtualMachines/web-east-vm01",
            "identity": [],
            "license_type": "",
            "location": "eastus",
            "max_bid_price": -1,
            "name": "web-east-vm01",
            "network_interface_ids": [
              "/subscriptions/f5507fb3-e5ac-410d-bcc4-cfa83191e4da/resourceGroups/dev-BAU-RG-100/providers/Microsoft.Network/networkInterfaces/web-vm01-nic01"
            ],
            "os_disk": [
              {
                "caching": "ReadWrite",
                "diff_disk_settings": [],
                "disk_encryption_set_id": "",
                "disk_size_gb": 30,
                "name": "web-east-vm01_OsDisk_1_414d4a10d2ac4b7fa6acbf84376fa43d",
                "secure_vm_disk_encryption_set_id": "",
                "security_encryption_type": "",
                "storage_account_type": "Standard_LRS",
                "write_accelerator_enabled": false
              }
            ],
            "patch_assessment_mode": "ImageDefault",
            "patch_mode": "ImageDefault",
            "plan": [],
            "platform_fault_domain": -1,
            "priority": "Regular",
            "private_ip_address": "172.16.1.4",
            "private_ip_addresses": [
              "172.16.1.4"
            ],
            "provision_vm_agent": true,
            "proximity_placement_group_id": "",
            "public_ip_address": "",
            "public_ip_addresses": [],
            "reboot_setting": "",
            "resource_group_name": "dev-BAU-RG-100",
            "secret": [],
            "secure_boot_enabled": false,
            "size": "Standard_B1ls",
            "source_image_id": "",
            "source_image_reference": [
              {
                "offer": "0001-com-ubuntu-server-jammy",
                "publisher": "Canonical",
                "sku": "22_04-lts",
                "version": "latest"
              }
            ],
            "tags": {},
            "termination_notification": [],
            "timeouts": null,
            "user_data": "",
            "virtual_machine_id": "bd6d854c-24fe-49a0-a15e-49eaaefbc377",
            "virtual_machine_scale_set_id": "",
            "vtpm_enabled": false,
            "zone": "3"
          },
          "sensitive_attributes": [],
          "private": "eyJlMmJmYjczMC1lY2FhLTExZTYtOGY4OC0zNDM2M2JjN2M0YzAiOnsiY3JlYXRlIjoyNzAwMDAwMDAwMDAwLCJkZWxldGUiOjI3MDAwMDAwMDAwMDAsInJlYWQiOjMwMDAwMDAwMDAwMCwidXBkYXRlIjoyNzAwMDAwMDAwMDAwfX0=",
          "dependencies": [
            "azurerm_network_interface.web-vm01-nic01",
            "azurerm_resource_group.rg01",
            "azurerm_subnet.private-subnet01",
            "azurerm_virtual_network.east_vnet01"
          ]
        }
      ]
    },
    {
      "mode": "managed",
      "type": "azurerm_linux_virtual_machine",
      "name": "web_vm02",
      "provider": "provider[\"registry.terraform.io/hashicorp/azurerm\"]",
      "instances": [
        {
          "schema_version": 0,
          "attributes": {
            "additional_capabilities": [],
            "admin_password": "Password@123",
            "admin_ssh_key": [],
            "admin_username": "azadmin",
            "allow_extension_operations": true,
            "availability_set_id": "",
            "boot_diagnostics": [],
            "bypass_platform_safety_checks_on_user_schedule_enabled": false,
            "capacity_reservation_group_id": "",
            "computer_name": "web-vm02",
            "custom_data": "IyEvYmluL2Jhc2gKc3VkbyBhcHQgdXBkYXRlCnN1ZG8gYXB0IGluc3RhbGwgbmdpbnggLXkKc3VkbyBhcHQgdHJlZSAteQpzdWRvIGFwdCBta2RpciB0ZXN0LWZvbGRlcg==",
            "dedicated_host_group_id": "",
            "dedicated_host_id": "",
            "disable_password_authentication": false,
            "edge_zone": "",
            "encryption_at_host_enabled": false,
            "eviction_policy": "",
            "extensions_time_budget": "PT1H30M",
            "gallery_application": [],
            "id": "/subscriptions/f5507fb3-e5ac-410d-bcc4-cfa83191e4da/resourceGroups/dev-BAU-RG-100/providers/Microsoft.Compute/virtualMachines/web-vm02",
            "identity": [],
            "license_type": "",
            "location": "eastus",
            "max_bid_price": -1,
            "name": "web-vm02",
            "network_interface_ids": [
              "/subscriptions/f5507fb3-e5ac-410d-bcc4-cfa83191e4da/resourceGroups/dev-BAU-RG-100/providers/Microsoft.Network/networkInterfaces/web-vm02-nic01"
            ],
            "os_disk": [
              {
                "caching": "ReadWrite",
                "diff_disk_settings": [],
                "disk_encryption_set_id": "",
                "disk_size_gb": 30,
                "name": "web-vm02_OsDisk_1_03331f35601a4f7eb255bc28a078e7b0",
                "secure_vm_disk_encryption_set_id": "",
                "security_encryption_type": "",
                "storage_account_type": "Standard_LRS",
                "write_accelerator_enabled": false
              }
            ],
            "patch_assessment_mode": "ImageDefault",
            "patch_mode": "ImageDefault",
            "plan": [],
            "platform_fault_domain": -1,
            "priority": "Regular",
            "private_ip_address": "172.16.1.6",
            "private_ip_addresses": [
              "172.16.1.6"
            ],
            "provision_vm_agent": true,
            "proximity_placement_group_id": "",
            "public_ip_address": "",
            "public_ip_addresses": [],
            "reboot_setting": "",
            "resource_group_name": "dev-BAU-RG-100",
            "secret": [],
            "secure_boot_enabled": false,
            "size": "Standard_B1ls",
            "source_image_id": "",
            "source_image_reference": [
              {
                "offer": "0001-com-ubuntu-server-jammy",
                "publisher": "Canonical",
                "sku": "22_04-lts",
                "version": "latest"
              }
            ],
            "tags": {},
            "termination_notification": [],
            "timeouts": null,
            "user_data": "",
            "virtual_machine_id": "82a5cf02-2bec-45f0-8bd8-dd621d4091ac",
            "virtual_machine_scale_set_id": "",
            "vtpm_enabled": false,
            "zone": "3"
          },
          "sensitive_attributes": [],
          "private": "eyJlMmJmYjczMC1lY2FhLTExZTYtOGY4OC0zNDM2M2JjN2M0YzAiOnsiY3JlYXRlIjoyNzAwMDAwMDAwMDAwLCJkZWxldGUiOjI3MDAwMDAwMDAwMDAsInJlYWQiOjMwMDAwMDAwMDAwMCwidXBkYXRlIjoyNzAwMDAwMDAwMDAwfX0=",
          "dependencies": [
            "azurerm_network_interface.web-vm02-nic01",
            "azurerm_resource_group.rg01",
            "azurerm_subnet.private-subnet01",
            "azurerm_virtual_network.east_vnet01"
          ]
        }
      ]
    },
    {
      "mode": "managed",
      "type": "azurerm_linux_virtual_machine",
      "name": "web_vm03",
      "provider": "provider[\"registry.terraform.io/hashicorp/azurerm\"]",
      "instances": [
        {
          "schema_version": 0,
          "attributes": {
            "additional_capabilities": [],
            "admin_password": "Password@123",
            "admin_ssh_key": [],
            "admin_username": "azadmin",
            "allow_extension_operations": true,
            "availability_set_id": "",
            "boot_diagnostics": [],
            "bypass_platform_safety_checks_on_user_schedule_enabled": false,
            "capacity_reservation_group_id": "",
            "computer_name": "Web-VM03",
            "custom_data": "IyEvYmluL2Jhc2gKc3VkbyBhcHQgdXBkYXRlCnN1ZG8gYXB0IGluc3RhbGwgbmdpbnggLXkKc3VkbyBhcHQgdHJlZSAteQpzdWRvIGFwdCBta2RpciB0ZXN0LWZvbGRlcg==",
            "dedicated_host_group_id": "",
            "dedicated_host_id": "",
            "disable_password_authentication": false,
            "edge_zone": "",
            "encryption_at_host_enabled": false,
            "eviction_policy": "",
            "extensions_time_budget": "PT1H30M",
            "gallery_application": [],
            "id": "/subscriptions/f5507fb3-e5ac-410d-bcc4-cfa83191e4da/resourceGroups/dev-BAU-RG-100/providers/Microsoft.Compute/virtualMachines/Web-VM03",
            "identity": [],
            "license_type": "",
            "location": "eastus",
            "max_bid_price": -1,
            "name": "Web-VM03",
            "network_interface_ids": [
              "/subscriptions/f5507fb3-e5ac-410d-bcc4-cfa83191e4da/resourceGroups/dev-BAU-RG-100/providers/Microsoft.Network/networkInterfaces/web-vm03-nic01"
            ],
            "os_disk": [
              {
                "caching": "ReadWrite",
                "diff_disk_settings": [],
                "disk_encryption_set_id": "",
                "disk_size_gb": 30,
                "name": "Web-VM03_OsDisk_1_02d8504a7c594603988413eb134d0716",
                "secure_vm_disk_encryption_set_id": "",
                "security_encryption_type": "",
                "storage_account_type": "Standard_LRS",
                "write_accelerator_enabled": false
              }
            ],
            "patch_assessment_mode": "ImageDefault",
            "patch_mode": "ImageDefault",
            "plan": [],
            "platform_fault_domain": -1,
            "priority": "Regular",
            "private_ip_address": "172.16.1.5",
            "private_ip_addresses": [
              "172.16.1.5"
            ],
            "provision_vm_agent": true,
            "proximity_placement_group_id": "",
            "public_ip_address": "",
            "public_ip_addresses": [],
            "reboot_setting": "",
            "resource_group_name": "dev-BAU-RG-100",
            "secret": [],
            "secure_boot_enabled": false,
            "size": "Standard_B1ls",
            "source_image_id": "",
            "source_image_reference": [
              {
                "offer": "0001-com-ubuntu-server-jammy",
                "publisher": "Canonical",
                "sku": "22_04-lts",
                "version": "latest"
              }
            ],
            "tags": {},
            "termination_notification": [],
            "timeouts": null,
            "user_data": "",
            "virtual_machine_id": "b389d983-65f0-4072-a45c-7d835420776f",
            "virtual_machine_scale_set_id": "",
            "vtpm_enabled": false,
            "zone": "2"
          },
          "sensitive_attributes": [],
          "private": "eyJlMmJmYjczMC1lY2FhLTExZTYtOGY4OC0zNDM2M2JjN2M0YzAiOnsiY3JlYXRlIjoyNzAwMDAwMDAwMDAwLCJkZWxldGUiOjI3MDAwMDAwMDAwMDAsInJlYWQiOjMwMDAwMDAwMDAwMCwidXBkYXRlIjoyNzAwMDAwMDAwMDAwfX0=",
          "dependencies": [
            "azurerm_network_interface.web-vm03-nic01",
            "azurerm_resource_group.rg01",
            "azurerm_subnet.private-subnet01",
            "azurerm_virtual_network.east_vnet01"
          ]
        }
      ]
    },
    {
      "mode": "managed",
      "type": "azurerm_network_interface",
      "name": "web-vm01-nic01",
      "provider": "provider[\"registry.terraform.io/hashicorp/azurerm\"]",
      "instances": [
        {
          "schema_version": 0,
          "attributes": {
            "applied_dns_servers": [],
            "auxiliary_mode": "",
            "auxiliary_sku": "",
            "dns_servers": [],
            "edge_zone": "",
            "enable_accelerated_networking": false,
            "enable_ip_forwarding": false,
            "id": "/subscriptions/f5507fb3-e5ac-410d-bcc4-cfa83191e4da/resourceGroups/dev-BAU-RG-100/providers/Microsoft.Network/networkInterfaces/web-vm01-nic01",
            "internal_dns_name_label": "",
            "internal_domain_name_suffix": "gtyu2j2wx5yejgcxocueasycne.bx.internal.cloudapp.net",
            "ip_configuration": [
              {
                "gateway_load_balancer_frontend_ip_configuration_id": "",
                "name": "internal",
                "primary": true,
                "private_ip_address": "172.16.1.4",
                "private_ip_address_allocation": "Dynamic",
                "private_ip_address_version": "IPv4",
                "public_ip_address_id": "",
                "subnet_id": "/subscriptions/f5507fb3-e5ac-410d-bcc4-cfa83191e4da/resourceGroups/dev-BAU-RG-100/providers/Microsoft.Network/virtualNetworks/dev-BAU-east-vnet01/subnets/east-vnet01-private-sub01"
              }
            ],
            "location": "eastus",
            "mac_address": "7C-1E-52-0C-58-1A",
            "name": "web-vm01-nic01",
            "private_ip_address": "172.16.1.4",
            "private_ip_addresses": [
              "172.16.1.4"
            ],
            "resource_group_name": "dev-BAU-RG-100",
            "tags": {},
            "timeouts": null,
            "virtual_machine_id": "/subscriptions/f5507fb3-e5ac-410d-bcc4-cfa83191e4da/resourceGroups/dev-BAU-RG-100/providers/Microsoft.Compute/virtualMachines/web-east-vm01"
          },
          "sensitive_attributes": [],
          "private": "eyJlMmJmYjczMC1lY2FhLTExZTYtOGY4OC0zNDM2M2JjN2M0YzAiOnsiY3JlYXRlIjoxODAwMDAwMDAwMDAwLCJkZWxldGUiOjE4MDAwMDAwMDAwMDAsInJlYWQiOjMwMDAwMDAwMDAwMCwidXBkYXRlIjoxODAwMDAwMDAwMDAwfX0=",
          "dependencies": [
            "azurerm_resource_group.rg01",
            "azurerm_subnet.private-subnet01",
            "azurerm_virtual_network.east_vnet01"
          ]
        }
      ]
    },
    {
      "mode": "managed",
      "type": "azurerm_network_interface",
      "name": "web-vm02-nic01",
      "provider": "provider[\"registry.terraform.io/hashicorp/azurerm\"]",
      "instances": [
        {
          "schema_version": 0,
          "attributes": {
            "applied_dns_servers": [],
            "auxiliary_mode": "",
            "auxiliary_sku": "",
            "dns_servers": [],
            "edge_zone": "",
            "enable_accelerated_networking": false,
            "enable_ip_forwarding": false,
            "id": "/subscriptions/f5507fb3-e5ac-410d-bcc4-cfa83191e4da/resourceGroups/dev-BAU-RG-100/providers/Microsoft.Network/networkInterfaces/web-vm02-nic01",
            "internal_dns_name_label": "",
            "internal_domain_name_suffix": "gtyu2j2wx5yejgcxocueasycne.bx.internal.cloudapp.net",
            "ip_configuration": [
              {
                "gateway_load_balancer_frontend_ip_configuration_id": "",
                "name": "internal",
                "primary": true,
                "private_ip_address": "172.16.1.6",
                "private_ip_address_allocation": "Dynamic",
                "private_ip_address_version": "IPv4",
                "public_ip_address_id": "",
                "subnet_id": "/subscriptions/f5507fb3-e5ac-410d-bcc4-cfa83191e4da/resourceGroups/dev-BAU-RG-100/providers/Microsoft.Network/virtualNetworks/dev-BAU-east-vnet01/subnets/east-vnet01-private-sub01"
              }
            ],
            "location": "eastus",
            "mac_address": "60-45-BD-FF-C1-51",
            "name": "web-vm02-nic01",
            "private_ip_address": "172.16.1.6",
            "private_ip_addresses": [
              "172.16.1.6"
            ],
            "resource_group_name": "dev-BAU-RG-100",
            "tags": {},
            "timeouts": null,
            "virtual_machine_id": "/subscriptions/f5507fb3-e5ac-410d-bcc4-cfa83191e4da/resourceGroups/dev-BAU-RG-100/providers/Microsoft.Compute/virtualMachines/web-vm02"
          },
          "sensitive_attributes": [],
          "private": "eyJlMmJmYjczMC1lY2FhLTExZTYtOGY4OC0zNDM2M2JjN2M0YzAiOnsiY3JlYXRlIjoxODAwMDAwMDAwMDAwLCJkZWxldGUiOjE4MDAwMDAwMDAwMDAsInJlYWQiOjMwMDAwMDAwMDAwMCwidXBkYXRlIjoxODAwMDAwMDAwMDAwfX0=",
          "dependencies": [
            "azurerm_resource_group.rg01",
            "azurerm_subnet.private-subnet01",
            "azurerm_virtual_network.east_vnet01"
          ]
        }
      ]
    },
    {
      "mode": "managed",
      "type": "azurerm_network_interface",
      "name": "web-vm03-nic01",
      "provider": "provider[\"registry.terraform.io/hashicorp/azurerm\"]",
      "instances": [
        {
          "schema_version": 0,
          "attributes": {
            "applied_dns_servers": [],
            "auxiliary_mode": "",
            "auxiliary_sku": "",
            "dns_servers": [],
            "edge_zone": "",
            "enable_accelerated_networking": false,
            "enable_ip_forwarding": false,
            "id": "/subscriptions/f5507fb3-e5ac-410d-bcc4-cfa83191e4da/resourceGroups/dev-BAU-RG-100/providers/Microsoft.Network/networkInterfaces/web-vm03-nic01",
            "internal_dns_name_label": "",
            "internal_domain_name_suffix": "gtyu2j2wx5yejgcxocueasycne.bx.internal.cloudapp.net",
            "ip_configuration": [
              {
                "gateway_load_balancer_frontend_ip_configuration_id": "",
                "name": "internal",
                "primary": true,
                "private_ip_address": "172.16.1.5",
                "private_ip_address_allocation": "Dynamic",
                "private_ip_address_version": "IPv4",
                "public_ip_address_id": "",
                "subnet_id": "/subscriptions/f5507fb3-e5ac-410d-bcc4-cfa83191e4da/resourceGroups/dev-BAU-RG-100/providers/Microsoft.Network/virtualNetworks/dev-BAU-east-vnet01/subnets/east-vnet01-private-sub01"
              }
            ],
            "location": "eastus",
            "mac_address": "60-45-BD-F0-DD-81",
            "name": "web-vm03-nic01",
            "private_ip_address": "172.16.1.5",
            "private_ip_addresses": [
              "172.16.1.5"
            ],
            "resource_group_name": "dev-BAU-RG-100",
            "tags": {},
            "timeouts": null,
            "virtual_machine_id": "/subscriptions/f5507fb3-e5ac-410d-bcc4-cfa83191e4da/resourceGroups/dev-BAU-RG-100/providers/Microsoft.Compute/virtualMachines/Web-VM03"
          },
          "sensitive_attributes": [],
          "private": "eyJlMmJmYjczMC1lY2FhLTExZTYtOGY4OC0zNDM2M2JjN2M0YzAiOnsiY3JlYXRlIjoxODAwMDAwMDAwMDAwLCJkZWxldGUiOjE4MDAwMDAwMDAwMDAsInJlYWQiOjMwMDAwMDAwMDAwMCwidXBkYXRlIjoxODAwMDAwMDAwMDAwfX0=",
          "dependencies": [
            "azurerm_resource_group.rg01",
            "azurerm_subnet.private-subnet01",
            "azurerm_virtual_network.east_vnet01"
          ]
        }
      ]
    },
    {
      "mode": "managed",
      "type": "azurerm_network_interface_backend_address_pool_association",
      "name": "east_standardLB_pool_vm_association",
      "provider": "provider[\"registry.terraform.io/hashicorp/azurerm\"]",
      "instances": [
        {
          "schema_version": 0,
          "attributes": {
            "backend_address_pool_id": "/subscriptions/f5507fb3-e5ac-410d-bcc4-cfa83191e4da/resourceGroups/dev-BAU-RG-100/providers/Microsoft.Network/loadBalancers/east-l4-lb/backendAddressPools/pool001",
            "id": "/subscriptions/f5507fb3-e5ac-410d-bcc4-cfa83191e4da/resourceGroups/dev-BAU-RG-100/providers/Microsoft.Network/networkInterfaces/web-vm01-nic01/ipConfigurations/internal|/subscriptions/f5507fb3-e5ac-410d-bcc4-cfa83191e4da/resourceGroups/dev-BAU-RG-100/providers/Microsoft.Network/loadBalancers/east-l4-lb/backendAddressPools/pool001",
            "ip_configuration_name": "internal",
            "network_interface_id": "/subscriptions/f5507fb3-e5ac-410d-bcc4-cfa83191e4da/resourceGroups/dev-BAU-RG-100/providers/Microsoft.Network/networkInterfaces/web-vm01-nic01",
            "timeouts": null
          },
          "sensitive_attributes": [],
          "private": "eyJlMmJmYjczMC1lY2FhLTExZTYtOGY4OC0zNDM2M2JjN2M0YzAiOnsiY3JlYXRlIjoxODAwMDAwMDAwMDAwLCJkZWxldGUiOjE4MDAwMDAwMDAwMDAsInJlYWQiOjMwMDAwMDAwMDAwMH19",
          "dependencies": [
            "azurerm_lb.east_standardLB",
            "azurerm_lb_backend_address_pool.east_standardLB_pool",
            "azurerm_network_interface.web-vm01-nic01",
            "azurerm_network_interface.web-vm02-nic01",
            "azurerm_public_ip.standard_LB",
            "azurerm_resource_group.rg01",
            "azurerm_subnet.private-subnet01",
            "azurerm_virtual_network.east_vnet01"
          ]
        }
      ]
    },
    {
      "mode": "managed",
      "type": "azurerm_network_security_group",
      "name": "east_nsg01",
      "provider": "provider[\"registry.terraform.io/hashicorp/azurerm\"]",
      "instances": [
        {
          "schema_version": 0,
          "attributes": {
            "id": "/subscriptions/f5507fb3-e5ac-410d-bcc4-cfa83191e4da/resourceGroups/dev-BAU-RG-100/providers/Microsoft.Network/networkSecurityGroups/east-nsg01",
            "location": "eastus",
            "name": "east-nsg01",
            "resource_group_name": "dev-BAU-RG-100",
            "security_rule": [
              {
                "access": "Allow",
                "description": "",
                "destination_address_prefix": "*",
                "destination_address_prefixes": [],
                "destination_application_security_group_ids": [],
                "destination_port_range": "*",
                "destination_port_ranges": [],
                "direction": "Inbound",
                "name": "Allow_All",
                "priority": 500,
                "protocol": "Tcp",
                "source_address_prefix": "*",
                "source_address_prefixes": [],
                "source_application_security_group_ids": [],
                "source_port_range": "*",
                "source_port_ranges": []
              }
            ],
            "tags": {},
            "timeouts": null
          },
          "sensitive_attributes": [],
          "private": "eyJlMmJmYjczMC1lY2FhLTExZTYtOGY4OC0zNDM2M2JjN2M0YzAiOnsiY3JlYXRlIjoxODAwMDAwMDAwMDAwLCJkZWxldGUiOjE4MDAwMDAwMDAwMDAsInJlYWQiOjMwMDAwMDAwMDAwMCwidXBkYXRlIjoxODAwMDAwMDAwMDAwfX0=",
          "dependencies": [
            "azurerm_resource_group.rg01"
          ]
        }
      ]
    },
    {
      "mode": "managed",
      "type": "azurerm_public_ip",
      "name": "bastion_pip",
      "provider": "provider[\"registry.terraform.io/hashicorp/azurerm\"]",
      "instances": [
        {
          "schema_version": 0,
          "attributes": {
            "allocation_method": "Static",
            "ddos_protection_mode": "VirtualNetworkInherited",
            "ddos_protection_plan_id": null,
            "domain_name_label": null,
            "edge_zone": "",
            "fqdn": null,
            "id": "/subscriptions/f5507fb3-e5ac-410d-bcc4-cfa83191e4da/resourceGroups/dev-BAU-RG-100/providers/Microsoft.Network/publicIPAddresses/bastion001",
            "idle_timeout_in_minutes": 4,
            "ip_address": "172.191.66.78",
            "ip_tags": {},
            "ip_version": "IPv4",
            "location": "eastus",
            "name": "bastion001",
            "public_ip_prefix_id": null,
            "resource_group_name": "dev-BAU-RG-100",
            "reverse_fqdn": null,
            "sku": "Standard",
            "sku_tier": "Regional",
            "tags": {},
            "timeouts": null,
            "zones": []
          },
          "sensitive_attributes": [],
          "private": "eyJlMmJmYjczMC1lY2FhLTExZTYtOGY4OC0zNDM2M2JjN2M0YzAiOnsiY3JlYXRlIjoxODAwMDAwMDAwMDAwLCJkZWxldGUiOjE4MDAwMDAwMDAwMDAsInJlYWQiOjMwMDAwMDAwMDAwMCwidXBkYXRlIjoxODAwMDAwMDAwMDAwfX0=",
          "dependencies": [
            "azurerm_resource_group.rg01"
          ]
        }
      ]
    },
    {
      "mode": "managed",
      "type": "azurerm_public_ip",
      "name": "standard_LB",
      "provider": "provider[\"registry.terraform.io/hashicorp/azurerm\"]",
      "instances": [
        {
          "schema_version": 0,
          "attributes": {
            "allocation_method": "Static",
            "ddos_protection_mode": "VirtualNetworkInherited",
            "ddos_protection_plan_id": null,
            "domain_name_label": null,
            "edge_zone": "",
            "fqdn": null,
            "id": "/subscriptions/f5507fb3-e5ac-410d-bcc4-cfa83191e4da/resourceGroups/dev-BAU-RG-100/providers/Microsoft.Network/publicIPAddresses/frontend-pip",
            "idle_timeout_in_minutes": 4,
            "ip_address": "40.76.44.163",
            "ip_tags": {},
            "ip_version": "IPv4",
            "location": "eastus",
            "name": "frontend-pip",
            "public_ip_prefix_id": null,
            "resource_group_name": "dev-BAU-RG-100",
            "reverse_fqdn": null,
            "sku": "Standard",
            "sku_tier": "Regional",
            "tags": {},
            "timeouts": null,
            "zones": []
          },
          "sensitive_attributes": [],
          "private": "eyJlMmJmYjczMC1lY2FhLTExZTYtOGY4OC0zNDM2M2JjN2M0YzAiOnsiY3JlYXRlIjoxODAwMDAwMDAwMDAwLCJkZWxldGUiOjE4MDAwMDAwMDAwMDAsInJlYWQiOjMwMDAwMDAwMDAwMCwidXBkYXRlIjoxODAwMDAwMDAwMDAwfX0=",
          "dependencies": [
            "azurerm_resource_group.rg01"
          ]
        }
      ]
    },
    {
      "mode": "managed",
      "type": "azurerm_resource_group",
      "name": "rg01",
      "provider": "provider[\"registry.terraform.io/hashicorp/azurerm\"]",
      "instances": [
        {
          "schema_version": 0,
          "attributes": {
            "id": "/subscriptions/f5507fb3-e5ac-410d-bcc4-cfa83191e4da/resourceGroups/dev-BAU-RG-100",
            "location": "eastus",
            "managed_by": "",
            "name": "dev-BAU-RG-100",
            "tags": {
              "Bussiness": "IT",
              "Department": "BAU",
              "Owner": "Praveen"
            },
            "timeouts": null
          },
          "sensitive_attributes": [],
          "private": "eyJlMmJmYjczMC1lY2FhLTExZTYtOGY4OC0zNDM2M2JjN2M0YzAiOnsiY3JlYXRlIjo1NDAwMDAwMDAwMDAwLCJkZWxldGUiOjU0MDAwMDAwMDAwMDAsInJlYWQiOjMwMDAwMDAwMDAwMCwidXBkYXRlIjo1NDAwMDAwMDAwMDAwfX0="
        }
      ]
    },
    {
      "mode": "managed",
      "type": "azurerm_resource_group",
      "name": "rg02",
      "provider": "provider[\"registry.terraform.io/hashicorp/azurerm\"]",
      "instances": [
        {
          "schema_version": 0,
          "attributes": {
            "id": "/subscriptions/f5507fb3-e5ac-410d-bcc4-cfa83191e4da/resourceGroups/dev-BAU-RG-200",
            "location": "eastus",
            "managed_by": "",
            "name": "dev-BAU-RG-200",
            "tags": {
              "Bussiness": "IT",
              "Department": "BAU",
              "Owner": "Praveen"
            },
            "timeouts": null
          },
          "sensitive_attributes": [],
          "private": "eyJlMmJmYjczMC1lY2FhLTExZTYtOGY4OC0zNDM2M2JjN2M0YzAiOnsiY3JlYXRlIjo1NDAwMDAwMDAwMDAwLCJkZWxldGUiOjU0MDAwMDAwMDAwMDAsInJlYWQiOjMwMDAwMDAwMDAwMCwidXBkYXRlIjo1NDAwMDAwMDAwMDAwfX0="
        }
      ]
    },
    {
      "mode": "managed",
      "type": "azurerm_subnet",
      "name": "bastion_subnet01",
      "provider": "provider[\"registry.terraform.io/hashicorp/azurerm\"]",
      "instances": [
        {
          "schema_version": 0,
          "attributes": {
            "address_prefixes": [
              "172.16.100.0/24"
            ],
            "delegation": [],
            "enforce_private_link_endpoint_network_policies": false,
            "enforce_private_link_service_network_policies": false,
            "id": "/subscriptions/f5507fb3-e5ac-410d-bcc4-cfa83191e4da/resourceGroups/dev-BAU-RG-100/providers/Microsoft.Network/virtualNetworks/dev-BAU-east-vnet01/subnets/AzureBastionSubnet",
            "name": "AzureBastionSubnet",
            "private_endpoint_network_policies_enabled": true,
            "private_link_service_network_policies_enabled": true,
            "resource_group_name": "dev-BAU-RG-100",
            "service_endpoint_policy_ids": [],
            "service_endpoints": [],
            "timeouts": null,
            "virtual_network_name": "dev-BAU-east-vnet01"
          },
          "sensitive_attributes": [],
          "private": "eyJlMmJmYjczMC1lY2FhLTExZTYtOGY4OC0zNDM2M2JjN2M0YzAiOnsiY3JlYXRlIjoxODAwMDAwMDAwMDAwLCJkZWxldGUiOjE4MDAwMDAwMDAwMDAsInJlYWQiOjMwMDAwMDAwMDAwMCwidXBkYXRlIjoxODAwMDAwMDAwMDAwfX0=",
          "dependencies": [
            "azurerm_resource_group.rg01",
            "azurerm_virtual_network.east_vnet01"
          ]
        }
      ]
    },
    {
      "mode": "managed",
      "type": "azurerm_subnet",
      "name": "private-subnet01",
      "provider": "provider[\"registry.terraform.io/hashicorp/azurerm\"]",
      "instances": [
        {
          "schema_version": 0,
          "attributes": {
            "address_prefixes": [
              "172.16.1.0/24"
            ],
            "delegation": [],
            "enforce_private_link_endpoint_network_policies": false,
            "enforce_private_link_service_network_policies": false,
            "id": "/subscriptions/f5507fb3-e5ac-410d-bcc4-cfa83191e4da/resourceGroups/dev-BAU-RG-100/providers/Microsoft.Network/virtualNetworks/dev-BAU-east-vnet01/subnets/east-vnet01-private-sub01",
            "name": "east-vnet01-private-sub01",
            "private_endpoint_network_policies_enabled": true,
            "private_link_service_network_policies_enabled": true,
            "resource_group_name": "dev-BAU-RG-100",
            "service_endpoint_policy_ids": [],
            "service_endpoints": [],
            "timeouts": null,
            "virtual_network_name": "dev-BAU-east-vnet01"
          },
          "sensitive_attributes": [],
          "private": "eyJlMmJmYjczMC1lY2FhLTExZTYtOGY4OC0zNDM2M2JjN2M0YzAiOnsiY3JlYXRlIjoxODAwMDAwMDAwMDAwLCJkZWxldGUiOjE4MDAwMDAwMDAwMDAsInJlYWQiOjMwMDAwMDAwMDAwMCwidXBkYXRlIjoxODAwMDAwMDAwMDAwfX0=",
          "dependencies": [
            "azurerm_resource_group.rg01",
            "azurerm_virtual_network.east_vnet01"
          ]
        }
      ]
    },
    {
      "mode": "managed",
      "type": "azurerm_subnet",
      "name": "public-subnet01",
      "provider": "provider[\"registry.terraform.io/hashicorp/azurerm\"]",
      "instances": [
        {
          "schema_version": 0,
          "attributes": {
            "address_prefixes": [
              "172.16.2.0/24"
            ],
            "delegation": [],
            "enforce_private_link_endpoint_network_policies": false,
            "enforce_private_link_service_network_policies": false,
            "id": "/subscriptions/f5507fb3-e5ac-410d-bcc4-cfa83191e4da/resourceGroups/dev-BAU-RG-100/providers/Microsoft.Network/virtualNetworks/dev-BAU-east-vnet01/subnets/east-vnet01-public-sub01",
            "name": "east-vnet01-public-sub01",
            "private_endpoint_network_policies_enabled": true,
            "private_link_service_network_policies_enabled": true,
            "resource_group_name": "dev-BAU-RG-100",
            "service_endpoint_policy_ids": [],
            "service_endpoints": [],
            "timeouts": null,
            "virtual_network_name": "dev-BAU-east-vnet01"
          },
          "sensitive_attributes": [],
          "private": "eyJlMmJmYjczMC1lY2FhLTExZTYtOGY4OC0zNDM2M2JjN2M0YzAiOnsiY3JlYXRlIjoxODAwMDAwMDAwMDAwLCJkZWxldGUiOjE4MDAwMDAwMDAwMDAsInJlYWQiOjMwMDAwMDAwMDAwMCwidXBkYXRlIjoxODAwMDAwMDAwMDAwfX0=",
          "dependencies": [
            "azurerm_resource_group.rg01",
            "azurerm_virtual_network.east_vnet01"
          ]
        }
      ]
    },
    {
      "mode": "managed",
      "type": "azurerm_subnet",
      "name": "vnet01private-subnet01",
      "provider": "provider[\"registry.terraform.io/hashicorp/azurerm\"]",
      "instances": [
        {
          "schema_version": 0,
          "attributes": {
            "address_prefixes": [
              "192.168.1.0/24"
            ],
            "delegation": [],
            "enforce_private_link_endpoint_network_policies": false,
            "enforce_private_link_service_network_policies": false,
            "id": "/subscriptions/f5507fb3-e5ac-410d-bcc4-cfa83191e4da/resourceGroups/dev-BAU-RG-100/providers/Microsoft.Network/virtualNetworks/dev-BAU-east02/subnets/east-vnet01-private-sub01",
            "name": "east-vnet01-private-sub01",
            "private_endpoint_network_policies_enabled": true,
            "private_link_service_network_policies_enabled": true,
            "resource_group_name": "dev-BAU-RG-100",
            "service_endpoint_policy_ids": [],
            "service_endpoints": [],
            "timeouts": null,
            "virtual_network_name": "dev-BAU-east02"
          },
          "sensitive_attributes": [],
          "private": "eyJlMmJmYjczMC1lY2FhLTExZTYtOGY4OC0zNDM2M2JjN2M0YzAiOnsiY3JlYXRlIjoxODAwMDAwMDAwMDAwLCJkZWxldGUiOjE4MDAwMDAwMDAwMDAsInJlYWQiOjMwMDAwMDAwMDAwMCwidXBkYXRlIjoxODAwMDAwMDAwMDAwfX0=",
          "dependencies": [
            "azurerm_resource_group.rg01",
            "azurerm_virtual_network.east_vnet02"
          ]
        }
      ]
    },
    {
      "mode": "managed",
      "type": "azurerm_subnet",
      "name": "vnet02public-subnet01",
      "provider": "provider[\"registry.terraform.io/hashicorp/azurerm\"]",
      "instances": [
        {
          "schema_version": 0,
          "attributes": {
            "address_prefixes": [
              "192.168.2.0/24"
            ],
            "delegation": [],
            "enforce_private_link_endpoint_network_policies": false,
            "enforce_private_link_service_network_policies": false,
            "id": "/subscriptions/f5507fb3-e5ac-410d-bcc4-cfa83191e4da/resourceGroups/dev-BAU-RG-100/providers/Microsoft.Network/virtualNetworks/dev-BAU-east02/subnets/east-vnet01-public-sub01",
            "name": "east-vnet01-public-sub01",
            "private_endpoint_network_policies_enabled": true,
            "private_link_service_network_policies_enabled": true,
            "resource_group_name": "dev-BAU-RG-100",
            "service_endpoint_policy_ids": [],
            "service_endpoints": [],
            "timeouts": null,
            "virtual_network_name": "dev-BAU-east02"
          },
          "sensitive_attributes": [],
          "private": "eyJlMmJmYjczMC1lY2FhLTExZTYtOGY4OC0zNDM2M2JjN2M0YzAiOnsiY3JlYXRlIjoxODAwMDAwMDAwMDAwLCJkZWxldGUiOjE4MDAwMDAwMDAwMDAsInJlYWQiOjMwMDAwMDAwMDAwMCwidXBkYXRlIjoxODAwMDAwMDAwMDAwfX0=",
          "dependencies": [
            "azurerm_resource_group.rg01",
            "azurerm_virtual_network.east_vnet02"
          ]
        }
      ]
    },
    {
      "mode": "managed",
      "type": "azurerm_subnet_network_security_group_association",
      "name": "east_vnet01_privatesub01_association",
      "provider": "provider[\"registry.terraform.io/hashicorp/azurerm\"]",
      "instances": [
        {
          "schema_version": 0,
          "attributes": {
            "id": "/subscriptions/f5507fb3-e5ac-410d-bcc4-cfa83191e4da/resourceGroups/dev-BAU-RG-100/providers/Microsoft.Network/virtualNetworks/dev-BAU-east-vnet01/subnets/east-vnet01-private-sub01",
            "network_security_group_id": "/subscriptions/f5507fb3-e5ac-410d-bcc4-cfa83191e4da/resourceGroups/dev-BAU-RG-100/providers/Microsoft.Network/networkSecurityGroups/east-nsg01",
            "subnet_id": "/subscriptions/f5507fb3-e5ac-410d-bcc4-cfa83191e4da/resourceGroups/dev-BAU-RG-100/providers/Microsoft.Network/virtualNetworks/dev-BAU-east-vnet01/subnets/east-vnet01-private-sub01",
            "timeouts": null
          },
          "sensitive_attributes": [],
          "private": "eyJlMmJmYjczMC1lY2FhLTExZTYtOGY4OC0zNDM2M2JjN2M0YzAiOnsiY3JlYXRlIjoxODAwMDAwMDAwMDAwLCJkZWxldGUiOjE4MDAwMDAwMDAwMDAsInJlYWQiOjMwMDAwMDAwMDAwMH19",
          "dependencies": [
            "azurerm_network_security_group.east_nsg01",
            "azurerm_resource_group.rg01",
            "azurerm_subnet.private-subnet01",
            "azurerm_virtual_network.east_vnet01"
          ]
        }
      ]
    },
    {
      "mode": "managed",
      "type": "azurerm_subnet_network_security_group_association",
      "name": "east_vnet01_publicesub01_association",
      "provider": "provider[\"registry.terraform.io/hashicorp/azurerm\"]",
      "instances": [
        {
          "schema_version": 0,
          "attributes": {
            "id": "/subscriptions/f5507fb3-e5ac-410d-bcc4-cfa83191e4da/resourceGroups/dev-BAU-RG-100/providers/Microsoft.Network/virtualNetworks/dev-BAU-east-vnet01/subnets/east-vnet01-public-sub01",
            "network_security_group_id": "/subscriptions/f5507fb3-e5ac-410d-bcc4-cfa83191e4da/resourceGroups/dev-BAU-RG-100/providers/Microsoft.Network/networkSecurityGroups/east-nsg01",
            "subnet_id": "/subscriptions/f5507fb3-e5ac-410d-bcc4-cfa83191e4da/resourceGroups/dev-BAU-RG-100/providers/Microsoft.Network/virtualNetworks/dev-BAU-east-vnet01/subnets/east-vnet01-public-sub01",
            "timeouts": null
          },
          "sensitive_attributes": [],
          "private": "eyJlMmJmYjczMC1lY2FhLTExZTYtOGY4OC0zNDM2M2JjN2M0YzAiOnsiY3JlYXRlIjoxODAwMDAwMDAwMDAwLCJkZWxldGUiOjE4MDAwMDAwMDAwMDAsInJlYWQiOjMwMDAwMDAwMDAwMH19",
          "dependencies": [
            "azurerm_network_security_group.east_nsg01",
            "azurerm_resource_group.rg01",
            "azurerm_subnet.public-subnet01",
            "azurerm_virtual_network.east_vnet01"
          ]
        }
      ]
    },
    {
      "mode": "managed",
      "type": "azurerm_virtual_network",
      "name": "east_vnet01",
      "provider": "provider[\"registry.terraform.io/hashicorp/azurerm\"]",
      "instances": [
        {
          "schema_version": 0,
          "attributes": {
            "address_space": [
              "172.16.0.0/16",
              "192.168.0.0/16"
            ],
            "bgp_community": "",
            "ddos_protection_plan": [],
            "dns_servers": [],
            "edge_zone": "",
            "encryption": [],
            "flow_timeout_in_minutes": 0,
            "guid": "274ef134-bf96-44f0-9857-70a8404b026c",
            "id": "/subscriptions/f5507fb3-e5ac-410d-bcc4-cfa83191e4da/resourceGroups/dev-BAU-RG-100/providers/Microsoft.Network/virtualNetworks/dev-BAU-east-vnet01",
            "location": "eastus",
            "name": "dev-BAU-east-vnet01",
            "resource_group_name": "dev-BAU-RG-100",
            "subnet": [
              {
                "address_prefix": "172.16.1.0/24",
                "id": "/subscriptions/f5507fb3-e5ac-410d-bcc4-cfa83191e4da/resourceGroups/dev-BAU-RG-100/providers/Microsoft.Network/virtualNetworks/dev-BAU-east-vnet01/subnets/east-vnet01-private-sub01",
                "name": "east-vnet01-private-sub01",
                "security_group": "/subscriptions/f5507fb3-e5ac-410d-bcc4-cfa83191e4da/resourceGroups/dev-BAU-RG-100/providers/Microsoft.Network/networkSecurityGroups/east-nsg01"
              },
              {
                "address_prefix": "172.16.100.0/24",
                "id": "/subscriptions/f5507fb3-e5ac-410d-bcc4-cfa83191e4da/resourceGroups/dev-BAU-RG-100/providers/Microsoft.Network/virtualNetworks/dev-BAU-east-vnet01/subnets/AzureBastionSubnet",
                "name": "AzureBastionSubnet",
                "security_group": ""
              },
              {
                "address_prefix": "172.16.2.0/24",
                "id": "/subscriptions/f5507fb3-e5ac-410d-bcc4-cfa83191e4da/resourceGroups/dev-BAU-RG-100/providers/Microsoft.Network/virtualNetworks/dev-BAU-east-vnet01/subnets/east-vnet01-public-sub01",
                "name": "east-vnet01-public-sub01",
                "security_group": "/subscriptions/f5507fb3-e5ac-410d-bcc4-cfa83191e4da/resourceGroups/dev-BAU-RG-100/providers/Microsoft.Network/networkSecurityGroups/east-nsg01"
              }
            ],
            "tags": {},
            "timeouts": null
          },
          "sensitive_attributes": [],
          "private": "eyJlMmJmYjczMC1lY2FhLTExZTYtOGY4OC0zNDM2M2JjN2M0YzAiOnsiY3JlYXRlIjoxODAwMDAwMDAwMDAwLCJkZWxldGUiOjE4MDAwMDAwMDAwMDAsInJlYWQiOjMwMDAwMDAwMDAwMCwidXBkYXRlIjoxODAwMDAwMDAwMDAwfX0=",
          "dependencies": [
            "azurerm_resource_group.rg01"
          ]
        }
      ]
    },
    {
      "mode": "managed",
      "type": "azurerm_virtual_network",
      "name": "east_vnet02",
      "provider": "provider[\"registry.terraform.io/hashicorp/azurerm\"]",
      "instances": [
        {
          "schema_version": 0,
          "attributes": {
            "address_space": [
              "192.168.0.0/16"
            ],
            "bgp_community": "",
            "ddos_protection_plan": [],
            "dns_servers": [],
            "edge_zone": "",
            "encryption": [],
            "flow_timeout_in_minutes": 0,
            "guid": "d95f2f36-590d-498a-8402-af1274c7e55d",
            "id": "/subscriptions/f5507fb3-e5ac-410d-bcc4-cfa83191e4da/resourceGroups/dev-BAU-RG-100/providers/Microsoft.Network/virtualNetworks/dev-BAU-east02",
            "location": "eastus",
            "name": "dev-BAU-east02",
            "resource_group_name": "dev-BAU-RG-100",
            "subnet": [
              {
                "address_prefix": "192.168.1.0/24",
                "id": "/subscriptions/f5507fb3-e5ac-410d-bcc4-cfa83191e4da/resourceGroups/dev-BAU-RG-100/providers/Microsoft.Network/virtualNetworks/dev-BAU-east02/subnets/east-vnet01-private-sub01",
                "name": "east-vnet01-private-sub01",
                "security_group": ""
              },
              {
                "address_prefix": "192.168.2.0/24",
                "id": "/subscriptions/f5507fb3-e5ac-410d-bcc4-cfa83191e4da/resourceGroups/dev-BAU-RG-100/providers/Microsoft.Network/virtualNetworks/dev-BAU-east02/subnets/east-vnet01-public-sub01",
                "name": "east-vnet01-public-sub01",
                "security_group": ""
              }
            ],
            "tags": {},
            "timeouts": null
          },
          "sensitive_attributes": [],
          "private": "eyJlMmJmYjczMC1lY2FhLTExZTYtOGY4OC0zNDM2M2JjN2M0YzAiOnsiY3JlYXRlIjoxODAwMDAwMDAwMDAwLCJkZWxldGUiOjE4MDAwMDAwMDAwMDAsInJlYWQiOjMwMDAwMDAwMDAwMCwidXBkYXRlIjoxODAwMDAwMDAwMDAwfX0=",
          "dependencies": [
            "azurerm_resource_group.rg01"
          ]
        }
      ]
    }
  ],
  "check_results": null
}
